// !$*UTF8*$!
{
	archiveVersion = 1;
	classes = {
	};
	objectVersion = 46;
	objects = {

/* Begin PBXBuildFile section */
		01957BDF1DF5EB2600F19DA7 /* IngredientsTableViewCell.swift in Sources */ = {isa = PBXBuildFile; fileRef = 01957BDE1DF5EB2600F19DA7 /* IngredientsTableViewCell.swift */; };
		01A830B31DDF82330064B9CE /* IngredientsController.swift in Sources */ = {isa = PBXBuildFile; fileRef = 01A830B21DDF82330064B9CE /* IngredientsController.swift */; };
		6E4E91AA419B90E48D983D4C /* Pods_Chefty.framework in Frameworks */ = {isa = PBXBuildFile; fileRef = F99EB0E7E4778030CC432A72 /* Pods_Chefty.framework */; };
		714EBD5C1DDE340800C0857A /* TraditionalRecipeView.swift in Sources */ = {isa = PBXBuildFile; fileRef = 714EBD5B1DDE340800C0857A /* TraditionalRecipeView.swift */; };
		717B57DA1DECB539000F30CA /* MergedStepsViewController.swift in Sources */ = {isa = PBXBuildFile; fileRef = 717B57D91DECB539000F30CA /* MergedStepsViewController.swift */; };
		71BDEA881DF33E890070EE12 /* MergedStepsTableViewCell.swift in Sources */ = {isa = PBXBuildFile; fileRef = 71BDEA871DF33E890070EE12 /* MergedStepsTableViewCell.swift */; };
		71E655C41DDCE61700B60E0B /* TraditionalRecipeViewController.swift in Sources */ = {isa = PBXBuildFile; fileRef = 71E655C31DDCE61700B60E0B /* TraditionalRecipeViewController.swift */; };
		A70054DE1DF60A6400427FB8 /* PersonIcon.swift in Sources */ = {isa = PBXBuildFile; fileRef = A70054DD1DF60A6400427FB8 /* PersonIcon.swift */; };
		A70054E01DF60AB600427FB8 /* PersonIconView.swift in Sources */ = {isa = PBXBuildFile; fileRef = A70054DF1DF60AB600427FB8 /* PersonIconView.swift */; };
		A70054E21DF60D6A00427FB8 /* ClockIcon.swift in Sources */ = {isa = PBXBuildFile; fileRef = A70054E11DF60D6A00427FB8 /* ClockIcon.swift */; };
		A70054E41DF60D9900427FB8 /* ClockIconView.swift in Sources */ = {isa = PBXBuildFile; fileRef = A70054E31DF60D9900427FB8 /* ClockIconView.swift */; };
		A70054EA1DF6242200427FB8 /* RecipePageViewController.swift in Sources */ = {isa = PBXBuildFile; fileRef = A70054E91DF6242200427FB8 /* RecipePageViewController.swift */; };
		A70054EC1DF70A5400427FB8 /* SlidesViewController.swift in Sources */ = {isa = PBXBuildFile; fileRef = A70054EB1DF70A5400427FB8 /* SlidesViewController.swift */; };
		A70054EF1DF7261300427FB8 /* TestMenuView.swift in Sources */ = {isa = PBXBuildFile; fileRef = A70054EE1DF7261300427FB8 /* TestMenuView.swift */; };
		A70054F11DF7507500427FB8 /* FinalMainViewController.swift in Sources */ = {isa = PBXBuildFile; fileRef = A70054F01DF7507500427FB8 /* FinalMainViewController.swift */; };
		A72DBEAB1DE4DA6900867C86 /* MainDishViewController.swift in Sources */ = {isa = PBXBuildFile; fileRef = A72DBEAA1DE4DA6900867C86 /* MainDishViewController.swift */; };
		A72DBEAD1DE4DB0400867C86 /* AppetizerViewController.swift in Sources */ = {isa = PBXBuildFile; fileRef = A72DBEAC1DE4DB0400867C86 /* AppetizerViewController.swift */; };
		A72DBEAF1DE4DB8700867C86 /* DessertViewController.swift in Sources */ = {isa = PBXBuildFile; fileRef = A72DBEAE1DE4DB8700867C86 /* DessertViewController.swift */; };
		A72DBEB11DE4DBD700867C86 /* SidesViewController.swift in Sources */ = {isa = PBXBuildFile; fileRef = A72DBEB01DE4DBD700867C86 /* SidesViewController.swift */; };
		A7B1D57B1DF78588004CF90C /* CheftyTitle.swift in Sources */ = {isa = PBXBuildFile; fileRef = A7B1D57A1DF78588004CF90C /* CheftyTitle.swift */; };
		A7B1D57D1DF78630004CF90C /* CheftyTitleView.swift in Sources */ = {isa = PBXBuildFile; fileRef = A7B1D57C1DF78630004CF90C /* CheftyTitleView.swift */; };
		A7B1D57F1DF78A8E004CF90C /* RemoveButton.swift in Sources */ = {isa = PBXBuildFile; fileRef = A7B1D57E1DF78A8E004CF90C /* RemoveButton.swift */; };
		A7B1D5811DF78ABE004CF90C /* RemoveButtonView.swift in Sources */ = {isa = PBXBuildFile; fileRef = A7B1D5801DF78ABE004CF90C /* RemoveButtonView.swift */; };
		A7B968F11DEF0B7D003C6116 /* Main.storyboard in Resources */ = {isa = PBXBuildFile; fileRef = A7B968F01DEF0B7D003C6116 /* Main.storyboard */; };
		A7BCACC61DEC7E8D00DC317C /* MenuViewButton.swift in Sources */ = {isa = PBXBuildFile; fileRef = A7BCACC51DEC7E8D00DC317C /* MenuViewButton.swift */; };
		A7BE01371DEF8683009F65B1 /* BackButton.swift in Sources */ = {isa = PBXBuildFile; fileRef = A7BE01321DEF8683009F65B1 /* BackButton.swift */; };
		A7BE01381DEF8683009F65B1 /* MainDishIconImage.swift in Sources */ = {isa = PBXBuildFile; fileRef = A7BE01331DEF8683009F65B1 /* MainDishIconImage.swift */; };
		A7BE01391DEF8683009F65B1 /* SegmentedControl.swift in Sources */ = {isa = PBXBuildFile; fileRef = A7BE01341DEF8683009F65B1 /* SegmentedControl.swift */; };
		A7BE013A1DEF8683009F65B1 /* SlidesButton.swift in Sources */ = {isa = PBXBuildFile; fileRef = A7BE01351DEF8683009F65B1 /* SlidesButton.swift */; };
		A7BE013B1DEF8683009F65B1 /* StyleKitName.swift in Sources */ = {isa = PBXBuildFile; fileRef = A7BE01361DEF8683009F65B1 /* StyleKitName.swift */; };
		A7BE013E1DEF8698009F65B1 /* CheftyMainViewController.swift in Sources */ = {isa = PBXBuildFile; fileRef = A7BE013C1DEF8698009F65B1 /* CheftyMainViewController.swift */; };
		A7BE01411DEF9420009F65B1 /* CookButtonStyleKit.swift in Sources */ = {isa = PBXBuildFile; fileRef = A7BE01401DEF9420009F65B1 /* CookButtonStyleKit.swift */; };
		A7BE01431DEF950F009F65B1 /* CookButton.swift in Sources */ = {isa = PBXBuildFile; fileRef = A7BE01421DEF950F009F65B1 /* CookButton.swift */; };
		A7BE01451DEFC9A8009F65B1 /* TestMenuViewController.swift in Sources */ = {isa = PBXBuildFile; fileRef = A7BE01441DEFC9A8009F65B1 /* TestMenuViewController.swift */; };
		A7BE01471DEFCB59009F65B1 /* TestMenuTableViewCell.swift in Sources */ = {isa = PBXBuildFile; fileRef = A7BE01461DEFCB59009F65B1 /* TestMenuTableViewCell.swift */; };
		A7BE01491DF0A950009F65B1 /* CookItButton.swift in Sources */ = {isa = PBXBuildFile; fileRef = A7BE01481DF0A950009F65B1 /* CookItButton.swift */; };
		A7BE014B1DF0A971009F65B1 /* CookItButtonStyleKit.swift in Sources */ = {isa = PBXBuildFile; fileRef = A7BE014A1DF0A971009F65B1 /* CookItButtonStyleKit.swift */; };
		A7BE014D1DF0ABE1009F65B1 /* BackButtonStyleKit.swift in Sources */ = {isa = PBXBuildFile; fileRef = A7BE014C1DF0ABE1009F65B1 /* BackButtonStyleKit.swift */; };
		A7BE014F1DF0B60B009F65B1 /* AddButtonStyleKit.swift in Sources */ = {isa = PBXBuildFile; fileRef = A7BE014E1DF0B60B009F65B1 /* AddButtonStyleKit.swift */; };
		A7BE01511DF0B66D009F65B1 /* AddButton.swift in Sources */ = {isa = PBXBuildFile; fileRef = A7BE01501DF0B66D009F65B1 /* AddButton.swift */; };
		A7BE01531DF0BBD7009F65B1 /* NewTestTraditionalRecipeViewController.swift in Sources */ = {isa = PBXBuildFile; fileRef = A7BE01521DF0BBD7009F65B1 /* NewTestTraditionalRecipeViewController.swift */; };
		A7BE01551DF0D0B2009F65B1 /* ShowIngredientStyleKit.swift in Sources */ = {isa = PBXBuildFile; fileRef = A7BE01541DF0D0B2009F65B1 /* ShowIngredientStyleKit.swift */; };
		A7BE01571DF0D0F0009F65B1 /* ShowIngredientButton.swift in Sources */ = {isa = PBXBuildFile; fileRef = A7BE01561DF0D0F0009F65B1 /* ShowIngredientButton.swift */; };
		A7BE01591DF0D2E2009F65B1 /* TestIngredientsViewController.swift in Sources */ = {isa = PBXBuildFile; fileRef = A7BE01581DF0D2E2009F65B1 /* TestIngredientsViewController.swift */; };
		A7C0B4571DE4ECE10091E80C /* RecipeTabViewController.swift in Sources */ = {isa = PBXBuildFile; fileRef = A7C0B4561DE4ECE10091E80C /* RecipeTabViewController.swift */; };
		A7C0B4591DE4F7540091E80C /* bg.png in Resources */ = {isa = PBXBuildFile; fileRef = A7C0B4581DE4F7540091E80C /* bg.png */; };
		A7C1E1B71DDCD97300BD8A13 /* AppDelegate.swift in Sources */ = {isa = PBXBuildFile; fileRef = A7C1E1B61DDCD97300BD8A13 /* AppDelegate.swift */; };
		A7C1E1C11DDCD97300BD8A13 /* Assets.xcassets in Resources */ = {isa = PBXBuildFile; fileRef = A7C1E1C01DDCD97300BD8A13 /* Assets.xcassets */; };
		A7C1E1C41DDCD97300BD8A13 /* LaunchScreen.storyboard in Resources */ = {isa = PBXBuildFile; fileRef = A7C1E1C21DDCD97300BD8A13 /* LaunchScreen.storyboard */; };
		A7C1E2321DDE5BC200BD8A13 /* HomePageViewController.swift in Sources */ = {isa = PBXBuildFile; fileRef = A7C1E2311DDE5BC200BD8A13 /* HomePageViewController.swift */; };
		A7C1E2341DDE5D6F00BD8A13 /* CustomLayoutView.swift in Sources */ = {isa = PBXBuildFile; fileRef = A7C1E2331DDE5D6F00BD8A13 /* CustomLayoutView.swift */; };
		A7C1E2361DDE611600BD8A13 /* RecipeCollectionViewCell.swift in Sources */ = {isa = PBXBuildFile; fileRef = A7C1E2351DDE611600BD8A13 /* RecipeCollectionViewCell.swift */; };
		A7C9D3F31DDF849900EA5637 /* GradientView.swift in Sources */ = {isa = PBXBuildFile; fileRef = A7C9D3F21DDF849900EA5637 /* GradientView.swift */; };
		A7DCBF731DE5FAD100AA7629 /* TestTraditionalRecipeView.swift in Sources */ = {isa = PBXBuildFile; fileRef = A7DCBF721DE5FAD100AA7629 /* TestTraditionalRecipeView.swift */; };
		A7DCBF771DE64E9600AA7629 /* ContainerViewController.swift in Sources */ = {isa = PBXBuildFile; fileRef = A7DCBF761DE64E9600AA7629 /* ContainerViewController.swift */; };
		A7DCBF791DE951A100AA7629 /* SelectedRecipeButton.swift in Sources */ = {isa = PBXBuildFile; fileRef = A7DCBF781DE951A100AA7629 /* SelectedRecipeButton.swift */; };
		C0252C631DDD16EA00046AD0 /* MyMenuViewController.swift in Sources */ = {isa = PBXBuildFile; fileRef = C0252C621DDD16EA00046AD0 /* MyMenuViewController.swift */; };
		C0252C651DDD171A00046AD0 /* MyMenuView.swift in Sources */ = {isa = PBXBuildFile; fileRef = C0252C641DDD171A00046AD0 /* MyMenuView.swift */; };
		C0252C6A1DDD243100046AD0 /* Constants.swift in Sources */ = {isa = PBXBuildFile; fileRef = C0252C691DDD243100046AD0 /* Constants.swift */; };
		C054B2A01DE1185C00F4DEB1 /* MyMenuTableViewCell.swift in Sources */ = {isa = PBXBuildFile; fileRef = C054B29F1DE1185C00F4DEB1 /* MyMenuTableViewCell.swift */; };
		C08F8B941DE34A940092144F /* Chefty.xcdatamodeld in Sources */ = {isa = PBXBuildFile; fileRef = C08F8B921DE34A940092144F /* Chefty.xcdatamodeld */; };
		C08FBF451DE4C33600699D9C /* iTunesArtwork@1x.png in Resources */ = {isa = PBXBuildFile; fileRef = C08FBF421DE4C33600699D9C /* iTunesArtwork@1x.png */; };
		C08FBF461DE4C33600699D9C /* iTunesArtwork@2x.png in Resources */ = {isa = PBXBuildFile; fileRef = C08FBF431DE4C33600699D9C /* iTunesArtwork@2x.png */; };
		C08FBF471DE4C33600699D9C /* iTunesArtwork@3x.png in Resources */ = {isa = PBXBuildFile; fileRef = C08FBF441DE4C33600699D9C /* iTunesArtwork@3x.png */; };
		C08FBF881DE6329300699D9C /* GradientViewLeftToRight.swift in Sources */ = {isa = PBXBuildFile; fileRef = C08FBF871DE6329300699D9C /* GradientViewLeftToRight.swift */; };
		C0A59D001DE8DB63002CD413 /* Icon-App-72x72@1x.png in Resources */ = {isa = PBXBuildFile; fileRef = C0A59CFF1DE8DB63002CD413 /* Icon-App-72x72@1x.png */; };
		C0A59D021DE9BE76002CD413 /* analogclock.ttf in Resources */ = {isa = PBXBuildFile; fileRef = C0A59D011DE9BE76002CD413 /* analogclock.ttf */; };
		C0AAB5431DDE64970055DF8B /* DataStore.swift in Sources */ = {isa = PBXBuildFile; fileRef = C0AAB5421DDE64970055DF8B /* DataStore.swift */; };
		C0AAB5471DDE67300055DF8B /* CheftyAPIClient.swift in Sources */ = {isa = PBXBuildFile; fileRef = C0AAB5461DDE67300055DF8B /* CheftyAPIClient.swift */; };
		C0AAB5491DDE677C0055DF8B /* Secrets.swift in Sources */ = {isa = PBXBuildFile; fileRef = C0AAB5481DDE677C0055DF8B /* Secrets.swift */; };
		C0D2E4FA1DEC6C7700070E78 /* Contents.json in Resources */ = {isa = PBXBuildFile; fileRef = C0D2E4E31DEC6C7700070E78 /* Contents.json */; };
		C0D2E4FB1DEC6C7700070E78 /* Icon-App-20x20@1x.png in Resources */ = {isa = PBXBuildFile; fileRef = C0D2E4E41DEC6C7700070E78 /* Icon-App-20x20@1x.png */; };
		C0D2E4FC1DEC6C7700070E78 /* Icon-App-20x20@2x.png in Resources */ = {isa = PBXBuildFile; fileRef = C0D2E4E51DEC6C7700070E78 /* Icon-App-20x20@2x.png */; };
		C0D2E4FD1DEC6C7700070E78 /* Icon-App-20x20@3x.png in Resources */ = {isa = PBXBuildFile; fileRef = C0D2E4E61DEC6C7700070E78 /* Icon-App-20x20@3x.png */; };
		C0D2E4FE1DEC6C7700070E78 /* Icon-App-29x29@1x.png in Resources */ = {isa = PBXBuildFile; fileRef = C0D2E4E71DEC6C7700070E78 /* Icon-App-29x29@1x.png */; };
		C0D2E4FF1DEC6C7700070E78 /* Icon-App-29x29@2x.png in Resources */ = {isa = PBXBuildFile; fileRef = C0D2E4E81DEC6C7700070E78 /* Icon-App-29x29@2x.png */; };
		C0D2E5001DEC6C7700070E78 /* Icon-App-29x29@3x.png in Resources */ = {isa = PBXBuildFile; fileRef = C0D2E4E91DEC6C7700070E78 /* Icon-App-29x29@3x.png */; };
		C0D2E5011DEC6C7700070E78 /* Icon-App-40x40@1x.png in Resources */ = {isa = PBXBuildFile; fileRef = C0D2E4EA1DEC6C7700070E78 /* Icon-App-40x40@1x.png */; };
		C0D2E5021DEC6C7700070E78 /* Icon-App-40x40@2x.png in Resources */ = {isa = PBXBuildFile; fileRef = C0D2E4EB1DEC6C7700070E78 /* Icon-App-40x40@2x.png */; };
		C0D2E5031DEC6C7700070E78 /* Icon-App-40x40@3x.png in Resources */ = {isa = PBXBuildFile; fileRef = C0D2E4EC1DEC6C7700070E78 /* Icon-App-40x40@3x.png */; };
		C0D2E5041DEC6C7700070E78 /* Icon-App-57x57@1x.png in Resources */ = {isa = PBXBuildFile; fileRef = C0D2E4ED1DEC6C7700070E78 /* Icon-App-57x57@1x.png */; };
		C0D2E5051DEC6C7700070E78 /* Icon-App-57x57@2x.png in Resources */ = {isa = PBXBuildFile; fileRef = C0D2E4EE1DEC6C7700070E78 /* Icon-App-57x57@2x.png */; };
		C0D2E5061DEC6C7700070E78 /* Icon-App-60x60@1x.png in Resources */ = {isa = PBXBuildFile; fileRef = C0D2E4EF1DEC6C7700070E78 /* Icon-App-60x60@1x.png */; };
		C0D2E5071DEC6C7700070E78 /* Icon-App-60x60@2x.png in Resources */ = {isa = PBXBuildFile; fileRef = C0D2E4F01DEC6C7700070E78 /* Icon-App-60x60@2x.png */; };
		C0D2E5081DEC6C7700070E78 /* Icon-App-60x60@3x.png in Resources */ = {isa = PBXBuildFile; fileRef = C0D2E4F11DEC6C7700070E78 /* Icon-App-60x60@3x.png */; };
		C0D2E50B1DEC6C7700070E78 /* Icon-App-76x76@1x.png in Resources */ = {isa = PBXBuildFile; fileRef = C0D2E4F41DEC6C7700070E78 /* Icon-App-76x76@1x.png */; };
		C0D2E50C1DEC6C7700070E78 /* Icon-App-76x76@2x.png in Resources */ = {isa = PBXBuildFile; fileRef = C0D2E4F51DEC6C7700070E78 /* Icon-App-76x76@2x.png */; };
		C0D2E50D1DEC6C7700070E78 /* Icon-App-76x76@3x.png in Resources */ = {isa = PBXBuildFile; fileRef = C0D2E4F61DEC6C7700070E78 /* Icon-App-76x76@3x.png */; };
		C0D2E50E1DEC6C7700070E78 /* Icon-App-83.5x83.5@2x.png in Resources */ = {isa = PBXBuildFile; fileRef = C0D2E4F71DEC6C7700070E78 /* Icon-App-83.5x83.5@2x.png */; };
		C0D2E50F1DEC6C7700070E78 /* Icon-Small-50x50@1x.png in Resources */ = {isa = PBXBuildFile; fileRef = C0D2E4F81DEC6C7700070E78 /* Icon-Small-50x50@1x.png */; };
		C0D2E5101DEC6C7700070E78 /* Icon-Small-50x50@2x.png in Resources */ = {isa = PBXBuildFile; fileRef = C0D2E4F91DEC6C7700070E78 /* Icon-Small-50x50@2x.png */; };
		C0D2E5121DEC779500070E78 /* SingleStepViewController.swift in Sources */ = {isa = PBXBuildFile; fileRef = C0D2E5111DEC779500070E78 /* SingleStepViewController.swift */; };
		C0D2E5141DEC77D200070E78 /* SingleStepView.swift in Sources */ = {isa = PBXBuildFile; fileRef = C0D2E5131DEC77D200070E78 /* SingleStepView.swift */; };
		C0DBD0611DDD25E800B9B9FF /* MaterialIcons-Regular.otf in Resources */ = {isa = PBXBuildFile; fileRef = C0252C661DDD23AD00046AD0 /* MaterialIcons-Regular.otf */; };
/* End PBXBuildFile section */

/* Begin PBXFileReference section */
		01957BDE1DF5EB2600F19DA7 /* IngredientsTableViewCell.swift */ = {isa = PBXFileReference; fileEncoding = 4; lastKnownFileType = sourcecode.swift; path = IngredientsTableViewCell.swift; sourceTree = "<group>"; };
		01A830B21DDF82330064B9CE /* IngredientsController.swift */ = {isa = PBXFileReference; fileEncoding = 4; lastKnownFileType = sourcecode.swift; path = IngredientsController.swift; sourceTree = "<group>"; };
		45466194089BC863FFF4F44A /* Pods-Chefty.debug.xcconfig */ = {isa = PBXFileReference; includeInIndex = 1; lastKnownFileType = text.xcconfig; name = "Pods-Chefty.debug.xcconfig"; path = "Pods/Target Support Files/Pods-Chefty/Pods-Chefty.debug.xcconfig"; sourceTree = "<group>"; };
		714EBD5B1DDE340800C0857A /* TraditionalRecipeView.swift */ = {isa = PBXFileReference; fileEncoding = 4; lastKnownFileType = sourcecode.swift; path = TraditionalRecipeView.swift; sourceTree = "<group>"; };
		717B57D91DECB539000F30CA /* MergedStepsViewController.swift */ = {isa = PBXFileReference; fileEncoding = 4; lastKnownFileType = sourcecode.swift; path = MergedStepsViewController.swift; sourceTree = "<group>"; };
		71BDEA871DF33E890070EE12 /* MergedStepsTableViewCell.swift */ = {isa = PBXFileReference; fileEncoding = 4; lastKnownFileType = sourcecode.swift; path = MergedStepsTableViewCell.swift; sourceTree = "<group>"; };
		71E655C31DDCE61700B60E0B /* TraditionalRecipeViewController.swift */ = {isa = PBXFileReference; fileEncoding = 4; lastKnownFileType = sourcecode.swift; name = TraditionalRecipeViewController.swift; path = ../TraditionalRecipeViewController.swift; sourceTree = "<group>"; };
		A70054DD1DF60A6400427FB8 /* PersonIcon.swift */ = {isa = PBXFileReference; fileEncoding = 4; lastKnownFileType = sourcecode.swift; path = PersonIcon.swift; sourceTree = "<group>"; };
		A70054DF1DF60AB600427FB8 /* PersonIconView.swift */ = {isa = PBXFileReference; fileEncoding = 4; lastKnownFileType = sourcecode.swift; path = PersonIconView.swift; sourceTree = "<group>"; };
		A70054E11DF60D6A00427FB8 /* ClockIcon.swift */ = {isa = PBXFileReference; fileEncoding = 4; lastKnownFileType = sourcecode.swift; path = ClockIcon.swift; sourceTree = "<group>"; };
		A70054E31DF60D9900427FB8 /* ClockIconView.swift */ = {isa = PBXFileReference; fileEncoding = 4; lastKnownFileType = sourcecode.swift; path = ClockIconView.swift; sourceTree = "<group>"; };
		A70054E91DF6242200427FB8 /* RecipePageViewController.swift */ = {isa = PBXFileReference; fileEncoding = 4; lastKnownFileType = sourcecode.swift; path = RecipePageViewController.swift; sourceTree = "<group>"; };
		A70054EB1DF70A5400427FB8 /* SlidesViewController.swift */ = {isa = PBXFileReference; fileEncoding = 4; lastKnownFileType = sourcecode.swift; path = SlidesViewController.swift; sourceTree = "<group>"; };
		A70054EE1DF7261300427FB8 /* TestMenuView.swift */ = {isa = PBXFileReference; fileEncoding = 4; lastKnownFileType = sourcecode.swift; path = TestMenuView.swift; sourceTree = "<group>"; };
		A70054F01DF7507500427FB8 /* FinalMainViewController.swift */ = {isa = PBXFileReference; fileEncoding = 4; lastKnownFileType = sourcecode.swift; path = FinalMainViewController.swift; sourceTree = "<group>"; };
		A72DBEA31DE4A75F00867C86 /* Chefty-Bridging-Header.h */ = {isa = PBXFileReference; lastKnownFileType = sourcecode.c.h; path = "Chefty-Bridging-Header.h"; sourceTree = "<group>"; };
		A72DBEAA1DE4DA6900867C86 /* MainDishViewController.swift */ = {isa = PBXFileReference; fileEncoding = 4; lastKnownFileType = sourcecode.swift; path = MainDishViewController.swift; sourceTree = "<group>"; };
		A72DBEAC1DE4DB0400867C86 /* AppetizerViewController.swift */ = {isa = PBXFileReference; fileEncoding = 4; lastKnownFileType = sourcecode.swift; path = AppetizerViewController.swift; sourceTree = "<group>"; };
		A72DBEAE1DE4DB8700867C86 /* DessertViewController.swift */ = {isa = PBXFileReference; fileEncoding = 4; lastKnownFileType = sourcecode.swift; path = DessertViewController.swift; sourceTree = "<group>"; };
		A72DBEB01DE4DBD700867C86 /* SidesViewController.swift */ = {isa = PBXFileReference; fileEncoding = 4; lastKnownFileType = sourcecode.swift; path = SidesViewController.swift; sourceTree = "<group>"; };
		A7B1D57A1DF78588004CF90C /* CheftyTitle.swift */ = {isa = PBXFileReference; fileEncoding = 4; lastKnownFileType = sourcecode.swift; path = CheftyTitle.swift; sourceTree = "<group>"; };
		A7B1D57C1DF78630004CF90C /* CheftyTitleView.swift */ = {isa = PBXFileReference; fileEncoding = 4; lastKnownFileType = sourcecode.swift; path = CheftyTitleView.swift; sourceTree = "<group>"; };
		A7B1D57E1DF78A8E004CF90C /* RemoveButton.swift */ = {isa = PBXFileReference; fileEncoding = 4; lastKnownFileType = sourcecode.swift; path = RemoveButton.swift; sourceTree = "<group>"; };
		A7B1D5801DF78ABE004CF90C /* RemoveButtonView.swift */ = {isa = PBXFileReference; fileEncoding = 4; lastKnownFileType = sourcecode.swift; path = RemoveButtonView.swift; sourceTree = "<group>"; };
		A7B968F01DEF0B7D003C6116 /* Main.storyboard */ = {isa = PBXFileReference; fileEncoding = 4; lastKnownFileType = file.storyboard; path = Main.storyboard; sourceTree = "<group>"; };
		A7BCACC51DEC7E8D00DC317C /* MenuViewButton.swift */ = {isa = PBXFileReference; fileEncoding = 4; lastKnownFileType = sourcecode.swift; path = MenuViewButton.swift; sourceTree = "<group>"; };
		A7BE01321DEF8683009F65B1 /* BackButton.swift */ = {isa = PBXFileReference; fileEncoding = 4; lastKnownFileType = sourcecode.swift; path = BackButton.swift; sourceTree = "<group>"; };
		A7BE01331DEF8683009F65B1 /* MainDishIconImage.swift */ = {isa = PBXFileReference; fileEncoding = 4; lastKnownFileType = sourcecode.swift; path = MainDishIconImage.swift; sourceTree = "<group>"; };
		A7BE01341DEF8683009F65B1 /* SegmentedControl.swift */ = {isa = PBXFileReference; fileEncoding = 4; lastKnownFileType = sourcecode.swift; path = SegmentedControl.swift; sourceTree = "<group>"; };
		A7BE01351DEF8683009F65B1 /* SlidesButton.swift */ = {isa = PBXFileReference; fileEncoding = 4; lastKnownFileType = sourcecode.swift; path = SlidesButton.swift; sourceTree = "<group>"; };
		A7BE01361DEF8683009F65B1 /* StyleKitName.swift */ = {isa = PBXFileReference; fileEncoding = 4; lastKnownFileType = sourcecode.swift; path = StyleKitName.swift; sourceTree = "<group>"; };
		A7BE013C1DEF8698009F65B1 /* CheftyMainViewController.swift */ = {isa = PBXFileReference; fileEncoding = 4; lastKnownFileType = sourcecode.swift; path = CheftyMainViewController.swift; sourceTree = "<group>"; };
		A7BE01401DEF9420009F65B1 /* CookButtonStyleKit.swift */ = {isa = PBXFileReference; fileEncoding = 4; lastKnownFileType = sourcecode.swift; path = CookButtonStyleKit.swift; sourceTree = "<group>"; };
		A7BE01421DEF950F009F65B1 /* CookButton.swift */ = {isa = PBXFileReference; fileEncoding = 4; lastKnownFileType = sourcecode.swift; path = CookButton.swift; sourceTree = "<group>"; };
		A7BE01441DEFC9A8009F65B1 /* TestMenuViewController.swift */ = {isa = PBXFileReference; fileEncoding = 4; lastKnownFileType = sourcecode.swift; path = TestMenuViewController.swift; sourceTree = "<group>"; };
		A7BE01461DEFCB59009F65B1 /* TestMenuTableViewCell.swift */ = {isa = PBXFileReference; fileEncoding = 4; lastKnownFileType = sourcecode.swift; path = TestMenuTableViewCell.swift; sourceTree = "<group>"; };
		A7BE01481DF0A950009F65B1 /* CookItButton.swift */ = {isa = PBXFileReference; fileEncoding = 4; lastKnownFileType = sourcecode.swift; path = CookItButton.swift; sourceTree = "<group>"; };
		A7BE014A1DF0A971009F65B1 /* CookItButtonStyleKit.swift */ = {isa = PBXFileReference; fileEncoding = 4; lastKnownFileType = sourcecode.swift; path = CookItButtonStyleKit.swift; sourceTree = "<group>"; };
		A7BE014C1DF0ABE1009F65B1 /* BackButtonStyleKit.swift */ = {isa = PBXFileReference; fileEncoding = 4; lastKnownFileType = sourcecode.swift; path = BackButtonStyleKit.swift; sourceTree = "<group>"; };
		A7BE014E1DF0B60B009F65B1 /* AddButtonStyleKit.swift */ = {isa = PBXFileReference; fileEncoding = 4; lastKnownFileType = sourcecode.swift; path = AddButtonStyleKit.swift; sourceTree = "<group>"; };
		A7BE01501DF0B66D009F65B1 /* AddButton.swift */ = {isa = PBXFileReference; fileEncoding = 4; lastKnownFileType = sourcecode.swift; path = AddButton.swift; sourceTree = "<group>"; };
		A7BE01521DF0BBD7009F65B1 /* NewTestTraditionalRecipeViewController.swift */ = {isa = PBXFileReference; fileEncoding = 4; lastKnownFileType = sourcecode.swift; path = NewTestTraditionalRecipeViewController.swift; sourceTree = "<group>"; };
		A7BE01541DF0D0B2009F65B1 /* ShowIngredientStyleKit.swift */ = {isa = PBXFileReference; fileEncoding = 4; lastKnownFileType = sourcecode.swift; path = ShowIngredientStyleKit.swift; sourceTree = "<group>"; };
		A7BE01561DF0D0F0009F65B1 /* ShowIngredientButton.swift */ = {isa = PBXFileReference; fileEncoding = 4; lastKnownFileType = sourcecode.swift; path = ShowIngredientButton.swift; sourceTree = "<group>"; };
		A7BE01581DF0D2E2009F65B1 /* TestIngredientsViewController.swift */ = {isa = PBXFileReference; fileEncoding = 4; lastKnownFileType = sourcecode.swift; path = TestIngredientsViewController.swift; sourceTree = "<group>"; };
		A7C0B4561DE4ECE10091E80C /* RecipeTabViewController.swift */ = {isa = PBXFileReference; fileEncoding = 4; lastKnownFileType = sourcecode.swift; path = RecipeTabViewController.swift; sourceTree = "<group>"; };
		A7C0B4581DE4F7540091E80C /* bg.png */ = {isa = PBXFileReference; lastKnownFileType = image.png; path = bg.png; sourceTree = "<group>"; };
		A7C1E1B31DDCD97300BD8A13 /* Chefty.app */ = {isa = PBXFileReference; explicitFileType = wrapper.application; includeInIndex = 0; path = Chefty.app; sourceTree = BUILT_PRODUCTS_DIR; };
		A7C1E1B61DDCD97300BD8A13 /* AppDelegate.swift */ = {isa = PBXFileReference; lastKnownFileType = sourcecode.swift; path = AppDelegate.swift; sourceTree = "<group>"; };
		A7C1E1C01DDCD97300BD8A13 /* Assets.xcassets */ = {isa = PBXFileReference; lastKnownFileType = folder.assetcatalog; path = Assets.xcassets; sourceTree = "<group>"; };
		A7C1E1C31DDCD97300BD8A13 /* Base */ = {isa = PBXFileReference; lastKnownFileType = file.storyboard; name = Base; path = Base.lproj/LaunchScreen.storyboard; sourceTree = "<group>"; };
		A7C1E1C51DDCD97300BD8A13 /* Info.plist */ = {isa = PBXFileReference; lastKnownFileType = text.plist.xml; path = Info.plist; sourceTree = "<group>"; };
		A7C1E2311DDE5BC200BD8A13 /* HomePageViewController.swift */ = {isa = PBXFileReference; fileEncoding = 4; lastKnownFileType = sourcecode.swift; path = HomePageViewController.swift; sourceTree = "<group>"; };
		A7C1E2331DDE5D6F00BD8A13 /* CustomLayoutView.swift */ = {isa = PBXFileReference; fileEncoding = 4; lastKnownFileType = sourcecode.swift; path = CustomLayoutView.swift; sourceTree = "<group>"; };
		A7C1E2351DDE611600BD8A13 /* RecipeCollectionViewCell.swift */ = {isa = PBXFileReference; fileEncoding = 4; lastKnownFileType = sourcecode.swift; path = RecipeCollectionViewCell.swift; sourceTree = "<group>"; };
		A7C9D3F21DDF849900EA5637 /* GradientView.swift */ = {isa = PBXFileReference; fileEncoding = 4; lastKnownFileType = sourcecode.swift; path = GradientView.swift; sourceTree = "<group>"; };
		A7DCBF721DE5FAD100AA7629 /* TestTraditionalRecipeView.swift */ = {isa = PBXFileReference; fileEncoding = 4; lastKnownFileType = sourcecode.swift; path = TestTraditionalRecipeView.swift; sourceTree = "<group>"; };
		A7DCBF761DE64E9600AA7629 /* ContainerViewController.swift */ = {isa = PBXFileReference; fileEncoding = 4; lastKnownFileType = sourcecode.swift; path = ContainerViewController.swift; sourceTree = "<group>"; };
		A7DCBF781DE951A100AA7629 /* SelectedRecipeButton.swift */ = {isa = PBXFileReference; fileEncoding = 4; lastKnownFileType = sourcecode.swift; path = SelectedRecipeButton.swift; sourceTree = "<group>"; };
		A9984F50016543896BA81B7F /* Pods-Chefty.release.xcconfig */ = {isa = PBXFileReference; includeInIndex = 1; lastKnownFileType = text.xcconfig; name = "Pods-Chefty.release.xcconfig"; path = "Pods/Target Support Files/Pods-Chefty/Pods-Chefty.release.xcconfig"; sourceTree = "<group>"; };
		C0252C621DDD16EA00046AD0 /* MyMenuViewController.swift */ = {isa = PBXFileReference; fileEncoding = 4; lastKnownFileType = sourcecode.swift; path = MyMenuViewController.swift; sourceTree = "<group>"; };
		C0252C641DDD171A00046AD0 /* MyMenuView.swift */ = {isa = PBXFileReference; fileEncoding = 4; lastKnownFileType = sourcecode.swift; path = MyMenuView.swift; sourceTree = "<group>"; };
		C0252C661DDD23AD00046AD0 /* MaterialIcons-Regular.otf */ = {isa = PBXFileReference; lastKnownFileType = file; path = "MaterialIcons-Regular.otf"; sourceTree = "<group>"; };
		C0252C691DDD243100046AD0 /* Constants.swift */ = {isa = PBXFileReference; fileEncoding = 4; lastKnownFileType = sourcecode.swift; path = Constants.swift; sourceTree = "<group>"; };
		C054B29F1DE1185C00F4DEB1 /* MyMenuTableViewCell.swift */ = {isa = PBXFileReference; fileEncoding = 4; lastKnownFileType = sourcecode.swift; path = MyMenuTableViewCell.swift; sourceTree = "<group>"; };
		C08F8B931DE34A940092144F /* Chefty.xcdatamodel */ = {isa = PBXFileReference; lastKnownFileType = wrapper.xcdatamodel; path = Chefty.xcdatamodel; sourceTree = "<group>"; };
		C08FBF421DE4C33600699D9C /* iTunesArtwork@1x.png */ = {isa = PBXFileReference; lastKnownFileType = image.png; path = "iTunesArtwork@1x.png"; sourceTree = "<group>"; };
		C08FBF431DE4C33600699D9C /* iTunesArtwork@2x.png */ = {isa = PBXFileReference; lastKnownFileType = image.png; path = "iTunesArtwork@2x.png"; sourceTree = "<group>"; };
		C08FBF441DE4C33600699D9C /* iTunesArtwork@3x.png */ = {isa = PBXFileReference; lastKnownFileType = image.png; path = "iTunesArtwork@3x.png"; sourceTree = "<group>"; };
		C08FBF871DE6329300699D9C /* GradientViewLeftToRight.swift */ = {isa = PBXFileReference; fileEncoding = 4; lastKnownFileType = sourcecode.swift; path = GradientViewLeftToRight.swift; sourceTree = "<group>"; };
		C0A59CFF1DE8DB63002CD413 /* Icon-App-72x72@1x.png */ = {isa = PBXFileReference; lastKnownFileType = image.png; path = "Icon-App-72x72@1x.png"; sourceTree = "<group>"; };
		C0A59D011DE9BE76002CD413 /* analogclock.ttf */ = {isa = PBXFileReference; lastKnownFileType = file; path = analogclock.ttf; sourceTree = "<group>"; };
		C0AAB5421DDE64970055DF8B /* DataStore.swift */ = {isa = PBXFileReference; fileEncoding = 4; lastKnownFileType = sourcecode.swift; path = DataStore.swift; sourceTree = "<group>"; };
		C0AAB5461DDE67300055DF8B /* CheftyAPIClient.swift */ = {isa = PBXFileReference; fileEncoding = 4; lastKnownFileType = sourcecode.swift; path = CheftyAPIClient.swift; sourceTree = "<group>"; };
		C0AAB5481DDE677C0055DF8B /* Secrets.swift */ = {isa = PBXFileReference; fileEncoding = 4; lastKnownFileType = sourcecode.swift; path = Secrets.swift; sourceTree = "<group>"; };
		C0D2E4E31DEC6C7700070E78 /* Contents.json */ = {isa = PBXFileReference; fileEncoding = 4; lastKnownFileType = text.json; path = Contents.json; sourceTree = "<group>"; };
		C0D2E4E41DEC6C7700070E78 /* Icon-App-20x20@1x.png */ = {isa = PBXFileReference; lastKnownFileType = image.png; path = "Icon-App-20x20@1x.png"; sourceTree = "<group>"; };
		C0D2E4E51DEC6C7700070E78 /* Icon-App-20x20@2x.png */ = {isa = PBXFileReference; lastKnownFileType = image.png; path = "Icon-App-20x20@2x.png"; sourceTree = "<group>"; };
		C0D2E4E61DEC6C7700070E78 /* Icon-App-20x20@3x.png */ = {isa = PBXFileReference; lastKnownFileType = image.png; path = "Icon-App-20x20@3x.png"; sourceTree = "<group>"; };
		C0D2E4E71DEC6C7700070E78 /* Icon-App-29x29@1x.png */ = {isa = PBXFileReference; lastKnownFileType = image.png; path = "Icon-App-29x29@1x.png"; sourceTree = "<group>"; };
		C0D2E4E81DEC6C7700070E78 /* Icon-App-29x29@2x.png */ = {isa = PBXFileReference; lastKnownFileType = image.png; path = "Icon-App-29x29@2x.png"; sourceTree = "<group>"; };
		C0D2E4E91DEC6C7700070E78 /* Icon-App-29x29@3x.png */ = {isa = PBXFileReference; lastKnownFileType = image.png; path = "Icon-App-29x29@3x.png"; sourceTree = "<group>"; };
		C0D2E4EA1DEC6C7700070E78 /* Icon-App-40x40@1x.png */ = {isa = PBXFileReference; lastKnownFileType = image.png; path = "Icon-App-40x40@1x.png"; sourceTree = "<group>"; };
		C0D2E4EB1DEC6C7700070E78 /* Icon-App-40x40@2x.png */ = {isa = PBXFileReference; lastKnownFileType = image.png; path = "Icon-App-40x40@2x.png"; sourceTree = "<group>"; };
		C0D2E4EC1DEC6C7700070E78 /* Icon-App-40x40@3x.png */ = {isa = PBXFileReference; lastKnownFileType = image.png; path = "Icon-App-40x40@3x.png"; sourceTree = "<group>"; };
		C0D2E4ED1DEC6C7700070E78 /* Icon-App-57x57@1x.png */ = {isa = PBXFileReference; lastKnownFileType = image.png; path = "Icon-App-57x57@1x.png"; sourceTree = "<group>"; };
		C0D2E4EE1DEC6C7700070E78 /* Icon-App-57x57@2x.png */ = {isa = PBXFileReference; lastKnownFileType = image.png; path = "Icon-App-57x57@2x.png"; sourceTree = "<group>"; };
		C0D2E4EF1DEC6C7700070E78 /* Icon-App-60x60@1x.png */ = {isa = PBXFileReference; lastKnownFileType = image.png; path = "Icon-App-60x60@1x.png"; sourceTree = "<group>"; };
		C0D2E4F01DEC6C7700070E78 /* Icon-App-60x60@2x.png */ = {isa = PBXFileReference; lastKnownFileType = image.png; path = "Icon-App-60x60@2x.png"; sourceTree = "<group>"; };
		C0D2E4F11DEC6C7700070E78 /* Icon-App-60x60@3x.png */ = {isa = PBXFileReference; lastKnownFileType = image.png; path = "Icon-App-60x60@3x.png"; sourceTree = "<group>"; };
		C0D2E4F41DEC6C7700070E78 /* Icon-App-76x76@1x.png */ = {isa = PBXFileReference; lastKnownFileType = image.png; path = "Icon-App-76x76@1x.png"; sourceTree = "<group>"; };
		C0D2E4F51DEC6C7700070E78 /* Icon-App-76x76@2x.png */ = {isa = PBXFileReference; lastKnownFileType = image.png; path = "Icon-App-76x76@2x.png"; sourceTree = "<group>"; };
		C0D2E4F61DEC6C7700070E78 /* Icon-App-76x76@3x.png */ = {isa = PBXFileReference; lastKnownFileType = image.png; path = "Icon-App-76x76@3x.png"; sourceTree = "<group>"; };
		C0D2E4F71DEC6C7700070E78 /* Icon-App-83.5x83.5@2x.png */ = {isa = PBXFileReference; lastKnownFileType = image.png; path = "Icon-App-83.5x83.5@2x.png"; sourceTree = "<group>"; };
		C0D2E4F81DEC6C7700070E78 /* Icon-Small-50x50@1x.png */ = {isa = PBXFileReference; lastKnownFileType = image.png; path = "Icon-Small-50x50@1x.png"; sourceTree = "<group>"; };
		C0D2E4F91DEC6C7700070E78 /* Icon-Small-50x50@2x.png */ = {isa = PBXFileReference; lastKnownFileType = image.png; path = "Icon-Small-50x50@2x.png"; sourceTree = "<group>"; };
		C0D2E5111DEC779500070E78 /* SingleStepViewController.swift */ = {isa = PBXFileReference; fileEncoding = 4; lastKnownFileType = sourcecode.swift; path = SingleStepViewController.swift; sourceTree = "<group>"; };
		C0D2E5131DEC77D200070E78 /* SingleStepView.swift */ = {isa = PBXFileReference; fileEncoding = 4; lastKnownFileType = sourcecode.swift; path = SingleStepView.swift; sourceTree = "<group>"; };
		F99EB0E7E4778030CC432A72 /* Pods_Chefty.framework */ = {isa = PBXFileReference; explicitFileType = wrapper.framework; includeInIndex = 0; path = Pods_Chefty.framework; sourceTree = BUILT_PRODUCTS_DIR; };
/* End PBXFileReference section */

/* Begin PBXFrameworksBuildPhase section */
		A7C1E1B01DDCD97300BD8A13 /* Frameworks */ = {
			isa = PBXFrameworksBuildPhase;
			buildActionMask = 2147483647;
			files = (
				6E4E91AA419B90E48D983D4C /* Pods_Chefty.framework in Frameworks */,
			);
			runOnlyForDeploymentPostprocessing = 0;
		};
/* End PBXFrameworksBuildPhase section */

/* Begin PBXGroup section */
		08009A34701E90F087C0AD2E /* Pods */ = {
			isa = PBXGroup;
			children = (
				45466194089BC863FFF4F44A /* Pods-Chefty.debug.xcconfig */,
				A9984F50016543896BA81B7F /* Pods-Chefty.release.xcconfig */,
			);
			name = Pods;
			sourceTree = "<group>";
		};
		260E46DA6F0C18E8E392F9E6 /* Frameworks */ = {
			isa = PBXGroup;
			children = (
				F99EB0E7E4778030CC432A72 /* Pods_Chefty.framework */,
			);
			name = Frameworks;
			sourceTree = "<group>";
		};
		A70054ED1DF725E900427FB8 /* TestFiles */ = {
			isa = PBXGroup;
			children = (
				A70054EE1DF7261300427FB8 /* TestMenuView.swift */,
				A7BE01461DEFCB59009F65B1 /* TestMenuTableViewCell.swift */,
				A7BE01441DEFC9A8009F65B1 /* TestMenuViewController.swift */,
			);
			name = TestFiles;
			sourceTree = "<group>";
		};
		A72DBEA21DE4A74E00867C86 /* Supporting Files */ = {
			isa = PBXGroup;
			children = (
				A7C1E1C01DDCD97300BD8A13 /* Assets.xcassets */,
				A7C1E1C21DDCD97300BD8A13 /* LaunchScreen.storyboard */,
				A7C1E1C51DDCD97300BD8A13 /* Info.plist */,
				C0252C691DDD243100046AD0 /* Constants.swift */,
				A7C1E1B61DDCD97300BD8A13 /* AppDelegate.swift */,
				C08F8B921DE34A940092144F /* Chefty.xcdatamodeld */,
				A7C0B4581DE4F7540091E80C /* bg.png */,
				A72DBEA31DE4A75F00867C86 /* Chefty-Bridging-Header.h */,
				A7B968F01DEF0B7D003C6116 /* Main.storyboard */,
			);
			name = "Supporting Files";
			sourceTree = "<group>";
		};
		A7C0B4551DE4ECBA0091E80C /* Recipe Categories */ = {
			isa = PBXGroup;
			children = (
				A72DBEAA1DE4DA6900867C86 /* MainDishViewController.swift */,
				A72DBEAC1DE4DB0400867C86 /* AppetizerViewController.swift */,
				A72DBEAE1DE4DB8700867C86 /* DessertViewController.swift */,
				A72DBEB01DE4DBD700867C86 /* SidesViewController.swift */,
			);
			name = "Recipe Categories";
			sourceTree = "<group>";
		};
		A7C1E1AA1DDCD97300BD8A13 = {
			isa = PBXGroup;
			children = (
				A7C1E1B51DDCD97300BD8A13 /* Chefty */,
				A7C1E1B41DDCD97300BD8A13 /* Products */,
				08009A34701E90F087C0AD2E /* Pods */,
				260E46DA6F0C18E8E392F9E6 /* Frameworks */,
			);
			sourceTree = "<group>";
		};
		A7C1E1B41DDCD97300BD8A13 /* Products */ = {
			isa = PBXGroup;
			children = (
				A7C1E1B31DDCD97300BD8A13 /* Chefty.app */,
			);
			name = Products;
			sourceTree = "<group>";
		};
		A7C1E1B51DDCD97300BD8A13 /* Chefty */ = {
			isa = PBXGroup;
			children = (
				C0252C671DDD23B600046AD0 /* Resources */,
				C0252C5F1DDCF96C00046AD0 /* Models */,
				C0252C5D1DDCF93900046AD0 /* Views */,
				C0252C5E1DDCF95800046AD0 /* Controllers */,
				A72DBEA21DE4A74E00867C86 /* Supporting Files */,
			);
			path = Chefty;
			sourceTree = "<group>";
		};
		A7C1E22C1DDE579D00BD8A13 /* HomePage */ = {
			isa = PBXGroup;
			children = (
				A7BE01321DEF8683009F65B1 /* BackButton.swift */,
				A7BE01331DEF8683009F65B1 /* MainDishIconImage.swift */,
				A7BE01341DEF8683009F65B1 /* SegmentedControl.swift */,
				A7BE01351DEF8683009F65B1 /* SlidesButton.swift */,
				A7BE01361DEF8683009F65B1 /* StyleKitName.swift */,
				A7C1E2331DDE5D6F00BD8A13 /* CustomLayoutView.swift */,
				A7C1E2351DDE611600BD8A13 /* RecipeCollectionViewCell.swift */,
				A7C9D3F21DDF849900EA5637 /* GradientView.swift */,
				A7DCBF781DE951A100AA7629 /* SelectedRecipeButton.swift */,
				A7BCACC51DEC7E8D00DC317C /* MenuViewButton.swift */,
				A7BE01401DEF9420009F65B1 /* CookButtonStyleKit.swift */,
				A7BE01421DEF950F009F65B1 /* CookButton.swift */,
				A7BE01481DF0A950009F65B1 /* CookItButton.swift */,
				A7BE014A1DF0A971009F65B1 /* CookItButtonStyleKit.swift */,
				A7BE014C1DF0ABE1009F65B1 /* BackButtonStyleKit.swift */,
				A7BE014E1DF0B60B009F65B1 /* AddButtonStyleKit.swift */,
				A7BE01501DF0B66D009F65B1 /* AddButton.swift */,
				A7BE01541DF0D0B2009F65B1 /* ShowIngredientStyleKit.swift */,
				A7BE01561DF0D0F0009F65B1 /* ShowIngredientButton.swift */,
				A70054DD1DF60A6400427FB8 /* PersonIcon.swift */,
				A70054DF1DF60AB600427FB8 /* PersonIconView.swift */,
				A70054E11DF60D6A00427FB8 /* ClockIcon.swift */,
				A70054E31DF60D9900427FB8 /* ClockIconView.swift */,
				A7B1D57A1DF78588004CF90C /* CheftyTitle.swift */,
				A7B1D57C1DF78630004CF90C /* CheftyTitleView.swift */,
				A7B1D57E1DF78A8E004CF90C /* RemoveButton.swift */,
				A7B1D5801DF78ABE004CF90C /* RemoveButtonView.swift */,
			);
			name = HomePage;
			sourceTree = "<group>";
		};
		C0252C5D1DDCF93900046AD0 /* Views */ = {
			isa = PBXGroup;
			children = (

				01957BDE1DF5EB2600F19DA7 /* IngredientsTableViewCell.swift */,
				A70054ED1DF725E900427FB8 /* TestFiles */,
				A7C1E22C1DDE579D00BD8A13 /* HomePage */,
				C054B2A11DE11C4A00F4DEB1 /* MyMenu */,
				714EBD5B1DDE340800C0857A /* TraditionalRecipeView.swift */,
				71BDEA871DF33E890070EE12 /* MergedStepsTableViewCell.swift */,
				A7DCBF721DE5FAD100AA7629 /* TestTraditionalRecipeView.swift */,
				C0D2E5131DEC77D200070E78 /* SingleStepView.swift */,
			);
			name = Views;
			sourceTree = "<group>";
		};
		C0252C5E1DDCF95800046AD0 /* Controllers */ = {
			isa = PBXGroup;
			children = (
				A7C0B4551DE4ECBA0091E80C /* Recipe Categories */,
				A7BE013C1DEF8698009F65B1 /* CheftyMainViewController.swift */,
				71E655C31DDCE61700B60E0B /* TraditionalRecipeViewController.swift */,
				717B57D91DECB539000F30CA /* MergedStepsViewController.swift */,
				C0252C621DDD16EA00046AD0 /* MyMenuViewController.swift */,
				C0D2E5111DEC779500070E78 /* SingleStepViewController.swift */,
				A7C1E2311DDE5BC200BD8A13 /* HomePageViewController.swift */,
				A7C0B4561DE4ECE10091E80C /* RecipeTabViewController.swift */,
				01A830B21DDF82330064B9CE /* IngredientsController.swift */,
				A7DCBF761DE64E9600AA7629 /* ContainerViewController.swift */,
				A7BE01521DF0BBD7009F65B1 /* NewTestTraditionalRecipeViewController.swift */,
				A7BE01581DF0D2E2009F65B1 /* TestIngredientsViewController.swift */,
				A70054E91DF6242200427FB8 /* RecipePageViewController.swift */,
				A70054EB1DF70A5400427FB8 /* SlidesViewController.swift */,
				A70054F01DF7507500427FB8 /* FinalMainViewController.swift */,
			);
			name = Controllers;
			sourceTree = "<group>";
		};
		C0252C5F1DDCF96C00046AD0 /* Models */ = {
			isa = PBXGroup;
			children = (
				C0AAB5421DDE64970055DF8B /* DataStore.swift */,
				C0AAB5461DDE67300055DF8B /* CheftyAPIClient.swift */,
				C0AAB5481DDE677C0055DF8B /* Secrets.swift */,
			);
			name = Models;
			sourceTree = "<group>";
		};
		C0252C671DDD23B600046AD0 /* Resources */ = {
			isa = PBXGroup;
			children = (
				C0D2E4E21DEC6C7700070E78 /* AppIcon.appiconset */,
				C0252C661DDD23AD00046AD0 /* MaterialIcons-Regular.otf */,
				C0A59D011DE9BE76002CD413 /* analogclock.ttf */,
				C08FBF421DE4C33600699D9C /* iTunesArtwork@1x.png */,
				C08FBF431DE4C33600699D9C /* iTunesArtwork@2x.png */,
				C08FBF441DE4C33600699D9C /* iTunesArtwork@3x.png */,
				C0A59CFF1DE8DB63002CD413 /* Icon-App-72x72@1x.png */,
			);
			name = Resources;
			sourceTree = "<group>";
		};
		C054B2A11DE11C4A00F4DEB1 /* MyMenu */ = {
			isa = PBXGroup;
			children = (
				C0252C641DDD171A00046AD0 /* MyMenuView.swift */,
				C054B29F1DE1185C00F4DEB1 /* MyMenuTableViewCell.swift */,
				C08FBF871DE6329300699D9C /* GradientViewLeftToRight.swift */,
			);
			name = MyMenu;
			sourceTree = "<group>";
		};
		C0D2E4E21DEC6C7700070E78 /* AppIcon.appiconset */ = {
			isa = PBXGroup;
			children = (
				C0D2E4E41DEC6C7700070E78 /* Icon-App-20x20@1x.png */,
				C0D2E4E31DEC6C7700070E78 /* Contents.json */,
				C0D2E4E51DEC6C7700070E78 /* Icon-App-20x20@2x.png */,
				C0D2E4E61DEC6C7700070E78 /* Icon-App-20x20@3x.png */,
				C0D2E4E71DEC6C7700070E78 /* Icon-App-29x29@1x.png */,
				C0D2E4E81DEC6C7700070E78 /* Icon-App-29x29@2x.png */,
				C0D2E4E91DEC6C7700070E78 /* Icon-App-29x29@3x.png */,
				C0D2E4EA1DEC6C7700070E78 /* Icon-App-40x40@1x.png */,
				C0D2E4EB1DEC6C7700070E78 /* Icon-App-40x40@2x.png */,
				C0D2E4EC1DEC6C7700070E78 /* Icon-App-40x40@3x.png */,
				C0D2E4ED1DEC6C7700070E78 /* Icon-App-57x57@1x.png */,
				C0D2E4EE1DEC6C7700070E78 /* Icon-App-57x57@2x.png */,
				C0D2E4EF1DEC6C7700070E78 /* Icon-App-60x60@1x.png */,
				C0D2E4F01DEC6C7700070E78 /* Icon-App-60x60@2x.png */,
				C0D2E4F11DEC6C7700070E78 /* Icon-App-60x60@3x.png */,
				C0D2E4F41DEC6C7700070E78 /* Icon-App-76x76@1x.png */,
				C0D2E4F51DEC6C7700070E78 /* Icon-App-76x76@2x.png */,
				C0D2E4F61DEC6C7700070E78 /* Icon-App-76x76@3x.png */,
				C0D2E4F71DEC6C7700070E78 /* Icon-App-83.5x83.5@2x.png */,
				C0D2E4F81DEC6C7700070E78 /* Icon-Small-50x50@1x.png */,
				C0D2E4F91DEC6C7700070E78 /* Icon-Small-50x50@2x.png */,
			);
			path = AppIcon.appiconset;
			sourceTree = "<group>";
		};
/* End PBXGroup section */

/* Begin PBXNativeTarget section */
		A7C1E1B21DDCD97300BD8A13 /* Chefty */ = {
			isa = PBXNativeTarget;
			buildConfigurationList = A7C1E1C81DDCD97300BD8A13 /* Build configuration list for PBXNativeTarget "Chefty" */;
			buildPhases = (
				CC051BC8B6A8FF02BF7863FD /* [CP] Check Pods Manifest.lock */,
				A7C1E1AF1DDCD97300BD8A13 /* Sources */,
				A7C1E1B01DDCD97300BD8A13 /* Frameworks */,
				A7C1E1B11DDCD97300BD8A13 /* Resources */,
				1D49EF1E34CBEAC91283C886 /* [CP] Embed Pods Frameworks */,
				61160EEA6003776536561007 /* [CP] Copy Pods Resources */,
			);
			buildRules = (
			);
			dependencies = (
			);
			name = Chefty;
			productName = Chefty;
			productReference = A7C1E1B31DDCD97300BD8A13 /* Chefty.app */;
			productType = "com.apple.product-type.application";
		};
/* End PBXNativeTarget section */

/* Begin PBXProject section */
		A7C1E1AB1DDCD97300BD8A13 /* Project object */ = {
			isa = PBXProject;
			attributes = {
				LastSwiftUpdateCheck = 0810;
				LastUpgradeCheck = 0810;
				ORGANIZATIONNAME = com.AppRising.SML;
				TargetAttributes = {
					A7C1E1B21DDCD97300BD8A13 = {
						CreatedOnToolsVersion = 8.1;
						DevelopmentTeam = CJ24M7DKLZ;
						LastSwiftMigration = 0810;
						ProvisioningStyle = Automatic;
					};
				};
			};
			buildConfigurationList = A7C1E1AE1DDCD97300BD8A13 /* Build configuration list for PBXProject "Chefty" */;
			compatibilityVersion = "Xcode 3.2";
			developmentRegion = English;
			hasScannedForEncodings = 0;
			knownRegions = (
				en,
				Base,
			);
			mainGroup = A7C1E1AA1DDCD97300BD8A13;
			productRefGroup = A7C1E1B41DDCD97300BD8A13 /* Products */;
			projectDirPath = "";
			projectRoot = "";
			targets = (
				A7C1E1B21DDCD97300BD8A13 /* Chefty */,
			);
		};
/* End PBXProject section */

/* Begin PBXResourcesBuildPhase section */
		A7C1E1B11DDCD97300BD8A13 /* Resources */ = {
			isa = PBXResourcesBuildPhase;
			buildActionMask = 2147483647;
			files = (
				A7C0B4591DE4F7540091E80C /* bg.png in Resources */,
				C0A59D021DE9BE76002CD413 /* analogclock.ttf in Resources */,
				C0D2E50E1DEC6C7700070E78 /* Icon-App-83.5x83.5@2x.png in Resources */,
				C08FBF471DE4C33600699D9C /* iTunesArtwork@3x.png in Resources */,
				C0D2E4FF1DEC6C7700070E78 /* Icon-App-29x29@2x.png in Resources */,
				C0D2E4FC1DEC6C7700070E78 /* Icon-App-20x20@2x.png in Resources */,
				C0D2E4FE1DEC6C7700070E78 /* Icon-App-29x29@1x.png in Resources */,
				C08FBF461DE4C33600699D9C /* iTunesArtwork@2x.png in Resources */,
				C0D2E4FB1DEC6C7700070E78 /* Icon-App-20x20@1x.png in Resources */,
				C0D2E50C1DEC6C7700070E78 /* Icon-App-76x76@2x.png in Resources */,
				C08FBF451DE4C33600699D9C /* iTunesArtwork@1x.png in Resources */,
				A7C1E1C41DDCD97300BD8A13 /* LaunchScreen.storyboard in Resources */,
				C0D2E5081DEC6C7700070E78 /* Icon-App-60x60@3x.png in Resources */,
				C0D2E5001DEC6C7700070E78 /* Icon-App-29x29@3x.png in Resources */,
				C0D2E5051DEC6C7700070E78 /* Icon-App-57x57@2x.png in Resources */,
				C0D2E4FD1DEC6C7700070E78 /* Icon-App-20x20@3x.png in Resources */,
				C0D2E50F1DEC6C7700070E78 /* Icon-Small-50x50@1x.png in Resources */,
				C0D2E5061DEC6C7700070E78 /* Icon-App-60x60@1x.png in Resources */,
				C0D2E50D1DEC6C7700070E78 /* Icon-App-76x76@3x.png in Resources */,
				A7C1E1C11DDCD97300BD8A13 /* Assets.xcassets in Resources */,
				C0A59D001DE8DB63002CD413 /* Icon-App-72x72@1x.png in Resources */,
				C0D2E5031DEC6C7700070E78 /* Icon-App-40x40@3x.png in Resources */,
				A7B968F11DEF0B7D003C6116 /* Main.storyboard in Resources */,
				C0D2E5101DEC6C7700070E78 /* Icon-Small-50x50@2x.png in Resources */,
				C0D2E5071DEC6C7700070E78 /* Icon-App-60x60@2x.png in Resources */,
				C0D2E5021DEC6C7700070E78 /* Icon-App-40x40@2x.png in Resources */,
				C0D2E5011DEC6C7700070E78 /* Icon-App-40x40@1x.png in Resources */,
				C0D2E50B1DEC6C7700070E78 /* Icon-App-76x76@1x.png in Resources */,
				C0D2E4FA1DEC6C7700070E78 /* Contents.json in Resources */,
				C0DBD0611DDD25E800B9B9FF /* MaterialIcons-Regular.otf in Resources */,
				C0D2E5041DEC6C7700070E78 /* Icon-App-57x57@1x.png in Resources */,
			);
			runOnlyForDeploymentPostprocessing = 0;
		};
/* End PBXResourcesBuildPhase section */

/* Begin PBXShellScriptBuildPhase section */
		1D49EF1E34CBEAC91283C886 /* [CP] Embed Pods Frameworks */ = {
			isa = PBXShellScriptBuildPhase;
			buildActionMask = 2147483647;
			files = (
			);
			inputPaths = (
			);
			name = "[CP] Embed Pods Frameworks";
			outputPaths = (
			);
			runOnlyForDeploymentPostprocessing = 0;
			shellPath = /bin/sh;
			shellScript = "\"${SRCROOT}/Pods/Target Support Files/Pods-Chefty/Pods-Chefty-frameworks.sh\"\n";
			showEnvVarsInLog = 0;
		};
		61160EEA6003776536561007 /* [CP] Copy Pods Resources */ = {
			isa = PBXShellScriptBuildPhase;
			buildActionMask = 2147483647;
			files = (
			);
			inputPaths = (
			);
			name = "[CP] Copy Pods Resources";
			outputPaths = (
			);
			runOnlyForDeploymentPostprocessing = 0;
			shellPath = /bin/sh;
			shellScript = "\"${SRCROOT}/Pods/Target Support Files/Pods-Chefty/Pods-Chefty-resources.sh\"\n";
			showEnvVarsInLog = 0;
		};
		CC051BC8B6A8FF02BF7863FD /* [CP] Check Pods Manifest.lock */ = {
			isa = PBXShellScriptBuildPhase;
			buildActionMask = 2147483647;
			files = (
			);
			inputPaths = (
			);
			name = "[CP] Check Pods Manifest.lock";
			outputPaths = (
			);
			runOnlyForDeploymentPostprocessing = 0;
			shellPath = /bin/sh;
			shellScript = "diff \"${PODS_ROOT}/../Podfile.lock\" \"${PODS_ROOT}/Manifest.lock\" > /dev/null\nif [ $? != 0 ] ; then\n    # print error to STDERR\n    echo \"error: The sandbox is not in sync with the Podfile.lock. Run 'pod install' or update your CocoaPods installation.\" >&2\n    exit 1\nfi\n";
			showEnvVarsInLog = 0;
		};
/* End PBXShellScriptBuildPhase section */

/* Begin PBXSourcesBuildPhase section */
		A7C1E1AF1DDCD97300BD8A13 /* Sources */ = {
			isa = PBXSourcesBuildPhase;
			buildActionMask = 2147483647;
			files = (
				A7BE014F1DF0B60B009F65B1 /* AddButtonStyleKit.swift in Sources */,
				C0252C651DDD171A00046AD0 /* MyMenuView.swift in Sources */,
				A7BE01571DF0D0F0009F65B1 /* ShowIngredientButton.swift in Sources */,
				A7BE01531DF0BBD7009F65B1 /* NewTestTraditionalRecipeViewController.swift in Sources */,
				A7BE01471DEFCB59009F65B1 /* TestMenuTableViewCell.swift in Sources */,
				C08F8B941DE34A940092144F /* Chefty.xcdatamodeld in Sources */,
				A7BE01451DEFC9A8009F65B1 /* TestMenuViewController.swift in Sources */,
				A7BE01431DEF950F009F65B1 /* CookButton.swift in Sources */,
				A7C1E2341DDE5D6F00BD8A13 /* CustomLayoutView.swift in Sources */,
				A7BE01391DEF8683009F65B1 /* SegmentedControl.swift in Sources */,
				C054B2A01DE1185C00F4DEB1 /* MyMenuTableViewCell.swift in Sources */,
				A7B1D57D1DF78630004CF90C /* CheftyTitleView.swift in Sources */,
				C0252C631DDD16EA00046AD0 /* MyMenuViewController.swift in Sources */,
				A7C1E1B71DDCD97300BD8A13 /* AppDelegate.swift in Sources */,
				A7BE013E1DEF8698009F65B1 /* CheftyMainViewController.swift in Sources */,
				01957BDF1DF5EB2600F19DA7 /* IngredientsTableViewCell.swift in Sources */,
				A7BE01491DF0A950009F65B1 /* CookItButton.swift in Sources */,
				C0AAB5431DDE64970055DF8B /* DataStore.swift in Sources */,
				A7DCBF731DE5FAD100AA7629 /* TestTraditionalRecipeView.swift in Sources */,
				A7C9D3F31DDF849900EA5637 /* GradientView.swift in Sources */,
				71E655C41DDCE61700B60E0B /* TraditionalRecipeViewController.swift in Sources */,
				A7BE01591DF0D2E2009F65B1 /* TestIngredientsViewController.swift in Sources */,
				C0D2E5141DEC77D200070E78 /* SingleStepView.swift in Sources */,
				A70054DE1DF60A6400427FB8 /* PersonIcon.swift in Sources */,
				A72DBEAD1DE4DB0400867C86 /* AppetizerViewController.swift in Sources */,
				A70054E21DF60D6A00427FB8 /* ClockIcon.swift in Sources */,
				A7BE013B1DEF8683009F65B1 /* StyleKitName.swift in Sources */,
				A70054E41DF60D9900427FB8 /* ClockIconView.swift in Sources */,
				C0D2E5121DEC779500070E78 /* SingleStepViewController.swift in Sources */,
				A70054EC1DF70A5400427FB8 /* SlidesViewController.swift in Sources */,
				A70054EA1DF6242200427FB8 /* RecipePageViewController.swift in Sources */,
				A7BE013A1DEF8683009F65B1 /* SlidesButton.swift in Sources */,
				714EBD5C1DDE340800C0857A /* TraditionalRecipeView.swift in Sources */,
				A72DBEAB1DE4DA6900867C86 /* MainDishViewController.swift in Sources */,
				A7BE01371DEF8683009F65B1 /* BackButton.swift in Sources */,
				C0AAB5471DDE67300055DF8B /* CheftyAPIClient.swift in Sources */,
				A7BE01551DF0D0B2009F65B1 /* ShowIngredientStyleKit.swift in Sources */,
				717B57DA1DECB539000F30CA /* MergedStepsViewController.swift in Sources */,
				A7DCBF771DE64E9600AA7629 /* ContainerViewController.swift in Sources */,
				A7BE014B1DF0A971009F65B1 /* CookItButtonStyleKit.swift in Sources */,
				A7BE01381DEF8683009F65B1 /* MainDishIconImage.swift in Sources */,
				71BDEA881DF33E890070EE12 /* MergedStepsTableViewCell.swift in Sources */,
				A70054E01DF60AB600427FB8 /* PersonIconView.swift in Sources */,
				C08FBF881DE6329300699D9C /* GradientViewLeftToRight.swift in Sources */,
				A7C0B4571DE4ECE10091E80C /* RecipeTabViewController.swift in Sources */,
				A70054F11DF7507500427FB8 /* FinalMainViewController.swift in Sources */,
				A7BE01511DF0B66D009F65B1 /* AddButton.swift in Sources */,
				A7C1E2361DDE611600BD8A13 /* RecipeCollectionViewCell.swift in Sources */,
				A70054EF1DF7261300427FB8 /* TestMenuView.swift in Sources */,
				A7C1E2321DDE5BC200BD8A13 /* HomePageViewController.swift in Sources */,
				A72DBEB11DE4DBD700867C86 /* SidesViewController.swift in Sources */,
				01A830B31DDF82330064B9CE /* IngredientsController.swift in Sources */,
				A7BCACC61DEC7E8D00DC317C /* MenuViewButton.swift in Sources */,
				A7B1D57B1DF78588004CF90C /* CheftyTitle.swift in Sources */,
				A7DCBF791DE951A100AA7629 /* SelectedRecipeButton.swift in Sources */,
				A72DBEAF1DE4DB8700867C86 /* DessertViewController.swift in Sources */,
				C0252C6A1DDD243100046AD0 /* Constants.swift in Sources */,
				A7B1D5811DF78ABE004CF90C /* RemoveButtonView.swift in Sources */,
				A7BE01411DEF9420009F65B1 /* CookButtonStyleKit.swift in Sources */,
				A7BE014D1DF0ABE1009F65B1 /* BackButtonStyleKit.swift in Sources */,
				C0AAB5491DDE677C0055DF8B /* Secrets.swift in Sources */,
				A7B1D57F1DF78A8E004CF90C /* RemoveButton.swift in Sources */,
			);
			runOnlyForDeploymentPostprocessing = 0;
		};
/* End PBXSourcesBuildPhase section */

/* Begin PBXVariantGroup section */
		A7C1E1C21DDCD97300BD8A13 /* LaunchScreen.storyboard */ = {
			isa = PBXVariantGroup;
			children = (
				A7C1E1C31DDCD97300BD8A13 /* Base */,
			);
			name = LaunchScreen.storyboard;
			sourceTree = "<group>";
		};
/* End PBXVariantGroup section */

/* Begin XCBuildConfiguration section */
		A7C1E1C61DDCD97300BD8A13 /* Debug */ = {
			isa = XCBuildConfiguration;
			buildSettings = {
				ALWAYS_SEARCH_USER_PATHS = NO;
				CLANG_ANALYZER_NONNULL = YES;
				CLANG_CXX_LANGUAGE_STANDARD = "gnu++0x";
				CLANG_CXX_LIBRARY = "libc++";
				CLANG_ENABLE_MODULES = YES;
				CLANG_ENABLE_OBJC_ARC = YES;
				CLANG_WARN_BOOL_CONVERSION = YES;
				CLANG_WARN_CONSTANT_CONVERSION = YES;
				CLANG_WARN_DIRECT_OBJC_ISA_USAGE = YES_ERROR;
				CLANG_WARN_DOCUMENTATION_COMMENTS = YES;
				CLANG_WARN_EMPTY_BODY = YES;
				CLANG_WARN_ENUM_CONVERSION = YES;
				CLANG_WARN_INFINITE_RECURSION = YES;
				CLANG_WARN_INT_CONVERSION = YES;
				CLANG_WARN_OBJC_ROOT_CLASS = YES_ERROR;
				CLANG_WARN_SUSPICIOUS_MOVE = YES;
				CLANG_WARN_SUSPICIOUS_MOVES = YES;
				CLANG_WARN_UNREACHABLE_CODE = YES;
				CLANG_WARN__DUPLICATE_METHOD_MATCH = YES;
				"CODE_SIGN_IDENTITY[sdk=iphoneos*]" = "iPhone Developer";
				COPY_PHASE_STRIP = NO;
				DEBUG_INFORMATION_FORMAT = dwarf;
				ENABLE_STRICT_OBJC_MSGSEND = YES;
				ENABLE_TESTABILITY = YES;
				GCC_C_LANGUAGE_STANDARD = gnu99;
				GCC_DYNAMIC_NO_PIC = NO;
				GCC_NO_COMMON_BLOCKS = YES;
				GCC_OPTIMIZATION_LEVEL = 0;
				GCC_PREPROCESSOR_DEFINITIONS = (
					"DEBUG=1",
					"$(inherited)",
				);
				GCC_WARN_64_TO_32_BIT_CONVERSION = YES;
				GCC_WARN_ABOUT_RETURN_TYPE = YES_ERROR;
				GCC_WARN_UNDECLARED_SELECTOR = YES;
				GCC_WARN_UNINITIALIZED_AUTOS = YES_AGGRESSIVE;
				GCC_WARN_UNUSED_FUNCTION = YES;
				GCC_WARN_UNUSED_VARIABLE = YES;
				IPHONEOS_DEPLOYMENT_TARGET = 10.1;
				MTL_ENABLE_DEBUG_INFO = YES;
				ONLY_ACTIVE_ARCH = YES;
				SDKROOT = iphoneos;
				SWIFT_ACTIVE_COMPILATION_CONDITIONS = DEBUG;
				SWIFT_OPTIMIZATION_LEVEL = "-Onone";
				TARGETED_DEVICE_FAMILY = "1,2";
			};
			name = Debug;
		};
		A7C1E1C71DDCD97300BD8A13 /* Release */ = {
			isa = XCBuildConfiguration;
			buildSettings = {
				ALWAYS_SEARCH_USER_PATHS = NO;
				CLANG_ANALYZER_NONNULL = YES;
				CLANG_CXX_LANGUAGE_STANDARD = "gnu++0x";
				CLANG_CXX_LIBRARY = "libc++";
				CLANG_ENABLE_MODULES = YES;
				CLANG_ENABLE_OBJC_ARC = YES;
				CLANG_WARN_BOOL_CONVERSION = YES;
				CLANG_WARN_CONSTANT_CONVERSION = YES;
				CLANG_WARN_DIRECT_OBJC_ISA_USAGE = YES_ERROR;
				CLANG_WARN_DOCUMENTATION_COMMENTS = YES;
				CLANG_WARN_EMPTY_BODY = YES;
				CLANG_WARN_ENUM_CONVERSION = YES;
				CLANG_WARN_INFINITE_RECURSION = YES;
				CLANG_WARN_INT_CONVERSION = YES;
				CLANG_WARN_OBJC_ROOT_CLASS = YES_ERROR;
				CLANG_WARN_SUSPICIOUS_MOVE = YES;
				CLANG_WARN_SUSPICIOUS_MOVES = YES;
				CLANG_WARN_UNREACHABLE_CODE = YES;
				CLANG_WARN__DUPLICATE_METHOD_MATCH = YES;
				"CODE_SIGN_IDENTITY[sdk=iphoneos*]" = "iPhone Developer";
				COPY_PHASE_STRIP = NO;
				DEBUG_INFORMATION_FORMAT = "dwarf-with-dsym";
				ENABLE_NS_ASSERTIONS = NO;
				ENABLE_STRICT_OBJC_MSGSEND = YES;
				GCC_C_LANGUAGE_STANDARD = gnu99;
				GCC_NO_COMMON_BLOCKS = YES;
				GCC_WARN_64_TO_32_BIT_CONVERSION = YES;
				GCC_WARN_ABOUT_RETURN_TYPE = YES_ERROR;
				GCC_WARN_UNDECLARED_SELECTOR = YES;
				GCC_WARN_UNINITIALIZED_AUTOS = YES_AGGRESSIVE;
				GCC_WARN_UNUSED_FUNCTION = YES;
				GCC_WARN_UNUSED_VARIABLE = YES;
				IPHONEOS_DEPLOYMENT_TARGET = 10.1;
				MTL_ENABLE_DEBUG_INFO = NO;
				SDKROOT = iphoneos;
				SWIFT_OPTIMIZATION_LEVEL = "-Owholemodule";
				TARGETED_DEVICE_FAMILY = "1,2";
				VALIDATE_PRODUCT = YES;
			};
			name = Release;
		};
		A7C1E1C91DDCD97300BD8A13 /* Debug */ = {
			isa = XCBuildConfiguration;
			baseConfigurationReference = 45466194089BC863FFF4F44A /* Pods-Chefty.debug.xcconfig */;
			buildSettings = {
				ALWAYS_EMBED_SWIFT_STANDARD_LIBRARIES = YES;
				ASSETCATALOG_COMPILER_APPICON_NAME = AppIcon;
				CLANG_ENABLE_MODULES = YES;
				DEVELOPMENT_TEAM = CJ24M7DKLZ;
				INFOPLIST_FILE = Chefty/Info.plist;
				IPHONEOS_DEPLOYMENT_TARGET = 10.1;
				LD_RUNPATH_SEARCH_PATHS = "$(inherited) @executable_path/Frameworks";
				PRODUCT_BUNDLE_IDENTIFIER = com.AppRising.SML.Chefty2;
				PRODUCT_NAME = "$(TARGET_NAME)";
				SWIFT_OBJC_BRIDGING_HEADER = "Chefty/Chefty-Bridging-Header.h";
				SWIFT_OPTIMIZATION_LEVEL = "-Onone";
				SWIFT_VERSION = 3.0;
				TARGETED_DEVICE_FAMILY = "1,2";
			};
			name = Debug;
		};
		A7C1E1CA1DDCD97300BD8A13 /* Release */ = {
			isa = XCBuildConfiguration;
			baseConfigurationReference = A9984F50016543896BA81B7F /* Pods-Chefty.release.xcconfig */;
			buildSettings = {
				ALWAYS_EMBED_SWIFT_STANDARD_LIBRARIES = YES;
				ASSETCATALOG_COMPILER_APPICON_NAME = AppIcon;
				CLANG_ENABLE_MODULES = YES;
				DEVELOPMENT_TEAM = CJ24M7DKLZ;
				INFOPLIST_FILE = Chefty/Info.plist;
				IPHONEOS_DEPLOYMENT_TARGET = 10.1;
				LD_RUNPATH_SEARCH_PATHS = "$(inherited) @executable_path/Frameworks";
				PRODUCT_BUNDLE_IDENTIFIER = com.AppRising.SML.Chefty2;
				PRODUCT_NAME = "$(TARGET_NAME)";
				SWIFT_OBJC_BRIDGING_HEADER = "Chefty/Chefty-Bridging-Header.h";
				SWIFT_OPTIMIZATION_LEVEL = "-Owholemodule";
				SWIFT_VERSION = 3.0;
				TARGETED_DEVICE_FAMILY = "1,2";
			};
			name = Release;
		};
/* End XCBuildConfiguration section */

/* Begin XCConfigurationList section */
		A7C1E1AE1DDCD97300BD8A13 /* Build configuration list for PBXProject "Chefty" */ = {
			isa = XCConfigurationList;
			buildConfigurations = (
				A7C1E1C61DDCD97300BD8A13 /* Debug */,
				A7C1E1C71DDCD97300BD8A13 /* Release */,
			);
			defaultConfigurationIsVisible = 0;
			defaultConfigurationName = Release;
		};
		A7C1E1C81DDCD97300BD8A13 /* Build configuration list for PBXNativeTarget "Chefty" */ = {
			isa = XCConfigurationList;
			buildConfigurations = (
				A7C1E1C91DDCD97300BD8A13 /* Debug */,
				A7C1E1CA1DDCD97300BD8A13 /* Release */,
			);
			defaultConfigurationIsVisible = 0;
			defaultConfigurationName = Release;
		};
/* End XCConfigurationList section */

/* Begin XCVersionGroup section */
		C08F8B921DE34A940092144F /* Chefty.xcdatamodeld */ = {
			isa = XCVersionGroup;
			children = (
				C08F8B931DE34A940092144F /* Chefty.xcdatamodel */,
			);
			currentVersion = C08F8B931DE34A940092144F /* Chefty.xcdatamodel */;
			path = Chefty.xcdatamodeld;
			sourceTree = "<group>";
			versionGroupType = wrapper.xcdatamodel;
		};
/* End XCVersionGroup section */
	};
	rootObject = A7C1E1AB1DDCD97300BD8A13 /* Project object */;
}
