// !$*UTF8*$!
{
	archiveVersion = 1;
	classes = {
	};
	objectVersion = 46;
	objects = {

/* Begin PBXBuildFile section */
		01308B071DDCEA6B00A0791A /* IngredientsView.swift in Sources */ = {isa = PBXBuildFile; fileRef = 01308B061DDCEA6B00A0791A /* IngredientsView.swift */; };
		714EBD5C1DDE340800C0857A /* TraditionalRecipeView.swift in Sources */ = {isa = PBXBuildFile; fileRef = 714EBD5B1DDE340800C0857A /* TraditionalRecipeView.swift */; };
		71E655C41DDCE61700B60E0B /* TraditionalRecipeViewController.swift in Sources */ = {isa = PBXBuildFile; fileRef = 71E655C31DDCE61700B60E0B /* TraditionalRecipeViewController.swift */; };
		A7C1E1B71DDCD97300BD8A13 /* AppDelegate.swift in Sources */ = {isa = PBXBuildFile; fileRef = A7C1E1B61DDCD97300BD8A13 /* AppDelegate.swift */; };
		A7C1E1BF1DDCD97300BD8A13 /* Chefty.xcdatamodeld in Sources */ = {isa = PBXBuildFile; fileRef = A7C1E1BD1DDCD97300BD8A13 /* Chefty.xcdatamodeld */; };
		A7C1E1C11DDCD97300BD8A13 /* Assets.xcassets in Resources */ = {isa = PBXBuildFile; fileRef = A7C1E1C01DDCD97300BD8A13 /* Assets.xcassets */; };
		A7C1E1C41DDCD97300BD8A13 /* LaunchScreen.storyboard in Resources */ = {isa = PBXBuildFile; fileRef = A7C1E1C21DDCD97300BD8A13 /* LaunchScreen.storyboard */; };
		A7C1E2321DDE5BC200BD8A13 /* HomePageViewController.swift in Sources */ = {isa = PBXBuildFile; fileRef = A7C1E2311DDE5BC200BD8A13 /* HomePageViewController.swift */; };
		A7C1E2341DDE5D6F00BD8A13 /* CustomLayoutView.swift in Sources */ = {isa = PBXBuildFile; fileRef = A7C1E2331DDE5D6F00BD8A13 /* CustomLayoutView.swift */; };
		A7C1E2361DDE611600BD8A13 /* RecipeCollectionViewCell.swift in Sources */ = {isa = PBXBuildFile; fileRef = A7C1E2351DDE611600BD8A13 /* RecipeCollectionViewCell.swift */; };
		A7C9D3F31DDF849900EA5637 /* GradientView.swift in Sources */ = {isa = PBXBuildFile; fileRef = A7C9D3F21DDF849900EA5637 /* GradientView.swift */; };
		C0252C631DDD16EA00046AD0 /* MyMenuViewController.swift in Sources */ = {isa = PBXBuildFile; fileRef = C0252C621DDD16EA00046AD0 /* MyMenuViewController.swift */; };
		C0252C651DDD171A00046AD0 /* MyMenuView.swift in Sources */ = {isa = PBXBuildFile; fileRef = C0252C641DDD171A00046AD0 /* MyMenuView.swift */; };
		C0252C681DDD240100046AD0 /* Info.plist in Resources */ = {isa = PBXBuildFile; fileRef = A7C1E1C51DDCD97300BD8A13 /* Info.plist */; };
		C0252C6A1DDD243100046AD0 /* Constants.swift in Sources */ = {isa = PBXBuildFile; fileRef = C0252C691DDD243100046AD0 /* Constants.swift */; };
		C0AAB53D1DDDE98F0055DF8B /* TempView.swift in Sources */ = {isa = PBXBuildFile; fileRef = C0AAB53C1DDDE98F0055DF8B /* TempView.swift */; };
		C0AAB53F1DDDEA880055DF8B /* TempViewController.swift in Sources */ = {isa = PBXBuildFile; fileRef = C0AAB53E1DDDEA880055DF8B /* TempViewController.swift */; };
		C0DBD0611DDD25E800B9B9FF /* MaterialIcons-Regular.otf in Resources */ = {isa = PBXBuildFile; fileRef = C0252C661DDD23AD00046AD0 /* MaterialIcons-Regular.otf */; };
/* End PBXBuildFile section */

/* Begin PBXFileReference section */
		01308B061DDCEA6B00A0791A /* IngredientsView.swift */ = {isa = PBXFileReference; fileEncoding = 4; lastKnownFileType = sourcecode.swift; name = IngredientsView.swift; path = ../IngredientsView.swift; sourceTree = "<group>"; };
		714EBD5B1DDE340800C0857A /* TraditionalRecipeView.swift */ = {isa = PBXFileReference; fileEncoding = 4; lastKnownFileType = sourcecode.swift; path = TraditionalRecipeView.swift; sourceTree = "<group>"; };
		71E655C31DDCE61700B60E0B /* TraditionalRecipeViewController.swift */ = {isa = PBXFileReference; fileEncoding = 4; lastKnownFileType = sourcecode.swift; name = TraditionalRecipeViewController.swift; path = ../TraditionalRecipeViewController.swift; sourceTree = "<group>"; };
		A7C1E1B31DDCD97300BD8A13 /* Chefty.app */ = {isa = PBXFileReference; explicitFileType = wrapper.application; includeInIndex = 0; path = Chefty.app; sourceTree = BUILT_PRODUCTS_DIR; };
		A7C1E1B61DDCD97300BD8A13 /* AppDelegate.swift */ = {isa = PBXFileReference; lastKnownFileType = sourcecode.swift; path = AppDelegate.swift; sourceTree = "<group>"; };
		A7C1E1BE1DDCD97300BD8A13 /* Chefty.xcdatamodel */ = {isa = PBXFileReference; lastKnownFileType = wrapper.xcdatamodel; path = Chefty.xcdatamodel; sourceTree = "<group>"; };
		A7C1E1C01DDCD97300BD8A13 /* Assets.xcassets */ = {isa = PBXFileReference; lastKnownFileType = folder.assetcatalog; path = Assets.xcassets; sourceTree = "<group>"; };
		A7C1E1C31DDCD97300BD8A13 /* Base */ = {isa = PBXFileReference; lastKnownFileType = file.storyboard; name = Base; path = Base.lproj/LaunchScreen.storyboard; sourceTree = "<group>"; };
		A7C1E1C51DDCD97300BD8A13 /* Info.plist */ = {isa = PBXFileReference; lastKnownFileType = text.plist.xml; path = Info.plist; sourceTree = "<group>"; };
		A7C1E2311DDE5BC200BD8A13 /* HomePageViewController.swift */ = {isa = PBXFileReference; fileEncoding = 4; lastKnownFileType = sourcecode.swift; path = HomePageViewController.swift; sourceTree = "<group>"; };
		A7C1E2331DDE5D6F00BD8A13 /* CustomLayoutView.swift */ = {isa = PBXFileReference; fileEncoding = 4; lastKnownFileType = sourcecode.swift; path = CustomLayoutView.swift; sourceTree = "<group>"; };
		A7C1E2351DDE611600BD8A13 /* RecipeCollectionViewCell.swift */ = {isa = PBXFileReference; fileEncoding = 4; lastKnownFileType = sourcecode.swift; path = RecipeCollectionViewCell.swift; sourceTree = "<group>"; };
		A7C9D3F21DDF849900EA5637 /* GradientView.swift */ = {isa = PBXFileReference; fileEncoding = 4; lastKnownFileType = sourcecode.swift; path = GradientView.swift; sourceTree = "<group>"; };
		C0252C621DDD16EA00046AD0 /* MyMenuViewController.swift */ = {isa = PBXFileReference; fileEncoding = 4; lastKnownFileType = sourcecode.swift; path = MyMenuViewController.swift; sourceTree = "<group>"; };
		C0252C641DDD171A00046AD0 /* MyMenuView.swift */ = {isa = PBXFileReference; fileEncoding = 4; lastKnownFileType = sourcecode.swift; path = MyMenuView.swift; sourceTree = "<group>"; };
		C0252C661DDD23AD00046AD0 /* MaterialIcons-Regular.otf */ = {isa = PBXFileReference; lastKnownFileType = file; path = "MaterialIcons-Regular.otf"; sourceTree = "<group>"; };
		C0252C691DDD243100046AD0 /* Constants.swift */ = {isa = PBXFileReference; fileEncoding = 4; lastKnownFileType = sourcecode.swift; path = Constants.swift; sourceTree = "<group>"; };
		C0AAB53C1DDDE98F0055DF8B /* TempView.swift */ = {isa = PBXFileReference; fileEncoding = 4; lastKnownFileType = sourcecode.swift; path = TempView.swift; sourceTree = "<group>"; };
		C0AAB53E1DDDEA880055DF8B /* TempViewController.swift */ = {isa = PBXFileReference; fileEncoding = 4; lastKnownFileType = sourcecode.swift; path = TempViewController.swift; sourceTree = "<group>"; };
/* End PBXFileReference section */

/* Begin PBXFrameworksBuildPhase section */
		A7C1E1B01DDCD97300BD8A13 /* Frameworks */ = {
			isa = PBXFrameworksBuildPhase;
			buildActionMask = 2147483647;
			files = (
			);
			runOnlyForDeploymentPostprocessing = 0;
		};
/* End PBXFrameworksBuildPhase section */

/* Begin PBXGroup section */
		A7C1E1AA1DDCD97300BD8A13 = {
			isa = PBXGroup;
			children = (
				A7C1E1B51DDCD97300BD8A13 /* Chefty */,
				A7C1E1B41DDCD97300BD8A13 /* Products */,
			);
			sourceTree = "<group>";
		};
		A7C1E1B41DDCD97300BD8A13 /* Products */ = {
			isa = PBXGroup;
			children = (
				A7C1E1B31DDCD97300BD8A13 /* Chefty.app */,
			);
			name = Products;
			sourceTree = "<group>";
		};
		A7C1E1B51DDCD97300BD8A13 /* Chefty */ = {
			isa = PBXGroup;
			children = (
				C0252C671DDD23B600046AD0 /* Resources */,
				C0252C5F1DDCF96C00046AD0 /* Models */,
				C0252C5D1DDCF93900046AD0 /* Views */,
				C0252C5E1DDCF95800046AD0 /* Controllers */,
				A7C1E1C01DDCD97300BD8A13 /* Assets.xcassets */,
				A7C1E1C21DDCD97300BD8A13 /* LaunchScreen.storyboard */,
				A7C1E1C51DDCD97300BD8A13 /* Info.plist */,
				C0252C691DDD243100046AD0 /* Constants.swift */,
				A7C1E1B61DDCD97300BD8A13 /* AppDelegate.swift */,
				A7C1E1BD1DDCD97300BD8A13 /* Chefty.xcdatamodeld */,
			);
			path = Chefty;
			sourceTree = "<group>";
		};
		A7C1E22C1DDE579D00BD8A13 /* HomePage */ = {
			isa = PBXGroup;
			children = (
				A7C1E2331DDE5D6F00BD8A13 /* CustomLayoutView.swift */,
				A7C1E2351DDE611600BD8A13 /* RecipeCollectionViewCell.swift */,
				A7C9D3F21DDF849900EA5637 /* GradientView.swift */,
			);
			name = HomePage;
			sourceTree = "<group>";
		};
		C0252C5D1DDCF93900046AD0 /* Views */ = {
			isa = PBXGroup;
			children = (
				A7C1E22C1DDE579D00BD8A13 /* HomePage */,
				01308B061DDCEA6B00A0791A /* IngredientsView.swift */,
				714EBD5B1DDE340800C0857A /* TraditionalRecipeView.swift */,
				C0252C641DDD171A00046AD0 /* MyMenuView.swift */,
				C0AAB53C1DDDE98F0055DF8B /* TempView.swift */,
			);
			name = Views;
			sourceTree = "<group>";
		};
		C0252C5E1DDCF95800046AD0 /* Controllers */ = {
			isa = PBXGroup;
			children = (
				71E655C31DDCE61700B60E0B /* TraditionalRecipeViewController.swift */,
				C0252C621DDD16EA00046AD0 /* MyMenuViewController.swift */,
				C0AAB53E1DDDEA880055DF8B /* TempViewController.swift */,
				A7C1E2311DDE5BC200BD8A13 /* HomePageViewController.swift */,
			);
			name = Controllers;
			sourceTree = "<group>";
		};
		C0252C5F1DDCF96C00046AD0 /* Models */ = {
			isa = PBXGroup;
			children = (
			);
			name = Models;
			sourceTree = "<group>";
		};
		C0252C671DDD23B600046AD0 /* Resources */ = {
			isa = PBXGroup;
			children = (
				C0252C661DDD23AD00046AD0 /* MaterialIcons-Regular.otf */,
			);
			name = Resources;
			sourceTree = "<group>";
		};
/* End PBXGroup section */

/* Begin PBXNativeTarget section */
		A7C1E1B21DDCD97300BD8A13 /* Chefty */ = {
			isa = PBXNativeTarget;
			buildConfigurationList = A7C1E1C81DDCD97300BD8A13 /* Build configuration list for PBXNativeTarget "Chefty" */;
			buildPhases = (
				A7C1E1AF1DDCD97300BD8A13 /* Sources */,
				A7C1E1B01DDCD97300BD8A13 /* Frameworks */,
				A7C1E1B11DDCD97300BD8A13 /* Resources */,
			);
			buildRules = (
			);
			dependencies = (
			);
			name = Chefty;
			productName = Chefty;
			productReference = A7C1E1B31DDCD97300BD8A13 /* Chefty.app */;
			productType = "com.apple.product-type.application";
		};
/* End PBXNativeTarget section */

/* Begin PBXProject section */
		A7C1E1AB1DDCD97300BD8A13 /* Project object */ = {
			isa = PBXProject;
			attributes = {
				LastSwiftUpdateCheck = 0810;
				LastUpgradeCheck = 0810;
				ORGANIZATIONNAME = com.AppRising.SML;
				TargetAttributes = {
					A7C1E1B21DDCD97300BD8A13 = {
						CreatedOnToolsVersion = 8.1;
						DevelopmentTeam = CJ24M7DKLZ;
						ProvisioningStyle = Automatic;
					};
				};
			};
			buildConfigurationList = A7C1E1AE1DDCD97300BD8A13 /* Build configuration list for PBXProject "Chefty" */;
			compatibilityVersion = "Xcode 3.2";
			developmentRegion = English;
			hasScannedForEncodings = 0;
			knownRegions = (
				en,
				Base,
			);
			mainGroup = A7C1E1AA1DDCD97300BD8A13;
			productRefGroup = A7C1E1B41DDCD97300BD8A13 /* Products */;
			projectDirPath = "";
			projectRoot = "";
			targets = (
				A7C1E1B21DDCD97300BD8A13 /* Chefty */,
			);
		};
/* End PBXProject section */

/* Begin PBXResourcesBuildPhase section */
		A7C1E1B11DDCD97300BD8A13 /* Resources */ = {
			isa = PBXResourcesBuildPhase;
			buildActionMask = 2147483647;
			files = (
				C0252C681DDD240100046AD0 /* Info.plist in Resources */,
				A7C1E1C41DDCD97300BD8A13 /* LaunchScreen.storyboard in Resources */,
				A7C1E1C11DDCD97300BD8A13 /* Assets.xcassets in Resources */,
				C0DBD0611DDD25E800B9B9FF /* MaterialIcons-Regular.otf in Resources */,
			);
			runOnlyForDeploymentPostprocessing = 0;
		};
/* End PBXResourcesBuildPhase section */

/* Begin PBXSourcesBuildPhase section */
		A7C1E1AF1DDCD97300BD8A13 /* Sources */ = {
			isa = PBXSourcesBuildPhase;
			buildActionMask = 2147483647;
			files = (
				C0252C651DDD171A00046AD0 /* MyMenuView.swift in Sources */,
				A7C1E2341DDE5D6F00BD8A13 /* CustomLayoutView.swift in Sources */,
				C0252C631DDD16EA00046AD0 /* MyMenuViewController.swift in Sources */,
				A7C1E1B71DDCD97300BD8A13 /* AppDelegate.swift in Sources */,
				A7C9D3F31DDF849900EA5637 /* GradientView.swift in Sources */,
				01308B071DDCEA6B00A0791A /* IngredientsView.swift in Sources */,
				71E655C41DDCE61700B60E0B /* TraditionalRecipeViewController.swift in Sources */,
				714EBD5C1DDE340800C0857A /* TraditionalRecipeView.swift in Sources */,
				C0AAB53F1DDDEA880055DF8B /* TempViewController.swift in Sources */,
				C0AAB53D1DDDE98F0055DF8B /* TempView.swift in Sources */,
				A7C1E2361DDE611600BD8A13 /* RecipeCollectionViewCell.swift in Sources */,
				A7C1E1BF1DDCD97300BD8A13 /* Chefty.xcdatamodeld in Sources */,
				A7C1E2321DDE5BC200BD8A13 /* HomePageViewController.swift in Sources */,
				C0252C6A1DDD243100046AD0 /* Constants.swift in Sources */,
			);
			runOnlyForDeploymentPostprocessing = 0;
		};
/* End PBXSourcesBuildPhase section */

/* Begin PBXVariantGroup section */
		A7C1E1C21DDCD97300BD8A13 /* LaunchScreen.storyboard */ = {
			isa = PBXVariantGroup;
			children = (
				A7C1E1C31DDCD97300BD8A13 /* Base */,
			);
			name = LaunchScreen.storyboard;
			sourceTree = "<group>";
		};
/* End PBXVariantGroup section */

/* Begin XCBuildConfiguration section */
		A7C1E1C61DDCD97300BD8A13 /* Debug */ = {
			isa = XCBuildConfiguration;
			buildSettings = {
				ALWAYS_SEARCH_USER_PATHS = NO;
				CLANG_ANALYZER_NONNULL = YES;
				CLANG_CXX_LANGUAGE_STANDARD = "gnu++0x";
				CLANG_CXX_LIBRARY = "libc++";
				CLANG_ENABLE_MODULES = YES;
				CLANG_ENABLE_OBJC_ARC = YES;
				CLANG_WARN_BOOL_CONVERSION = YES;
				CLANG_WARN_CONSTANT_CONVERSION = YES;
				CLANG_WARN_DIRECT_OBJC_ISA_USAGE = YES_ERROR;
				CLANG_WARN_DOCUMENTATION_COMMENTS = YES;
				CLANG_WARN_EMPTY_BODY = YES;
				CLANG_WARN_ENUM_CONVERSION = YES;
				CLANG_WARN_INFINITE_RECURSION = YES;
				CLANG_WARN_INT_CONVERSION = YES;
				CLANG_WARN_OBJC_ROOT_CLASS = YES_ERROR;
				CLANG_WARN_SUSPICIOUS_MOVES = YES;
				CLANG_WARN_UNREACHABLE_CODE = YES;
				CLANG_WARN__DUPLICATE_METHOD_MATCH = YES;
				"CODE_SIGN_IDENTITY[sdk=iphoneos*]" = "iPhone Developer";
				COPY_PHASE_STRIP = NO;
				DEBUG_INFORMATION_FORMAT = dwarf;
				ENABLE_STRICT_OBJC_MSGSEND = YES;
				ENABLE_TESTABILITY = YES;
				GCC_C_LANGUAGE_STANDARD = gnu99;
				GCC_DYNAMIC_NO_PIC = NO;
				GCC_NO_COMMON_BLOCKS = YES;
				GCC_OPTIMIZATION_LEVEL = 0;
				GCC_PREPROCESSOR_DEFINITIONS = (
					"DEBUG=1",
					"$(inherited)",
				);
				GCC_WARN_64_TO_32_BIT_CONVERSION = YES;
				GCC_WARN_ABOUT_RETURN_TYPE = YES_ERROR;
				GCC_WARN_UNDECLARED_SELECTOR = YES;
				GCC_WARN_UNINITIALIZED_AUTOS = YES_AGGRESSIVE;
				GCC_WARN_UNUSED_FUNCTION = YES;
				GCC_WARN_UNUSED_VARIABLE = YES;
				IPHONEOS_DEPLOYMENT_TARGET = 10.1;
				MTL_ENABLE_DEBUG_INFO = YES;
				ONLY_ACTIVE_ARCH = YES;
				SDKROOT = iphoneos;
				SWIFT_ACTIVE_COMPILATION_CONDITIONS = DEBUG;
				SWIFT_OPTIMIZATION_LEVEL = "-Onone";
				TARGETED_DEVICE_FAMILY = "1,2";
			};
			name = Debug;
		};
		A7C1E1C71DDCD97300BD8A13 /* Release */ = {
			isa = XCBuildConfiguration;
			buildSettings = {
				ALWAYS_SEARCH_USER_PATHS = NO;
				CLANG_ANALYZER_NONNULL = YES;
				CLANG_CXX_LANGUAGE_STANDARD = "gnu++0x";
				CLANG_CXX_LIBRARY = "libc++";
				CLANG_ENABLE_MODULES = YES;
				CLANG_ENABLE_OBJC_ARC = YES;
				CLANG_WARN_BOOL_CONVERSION = YES;
				CLANG_WARN_CONSTANT_CONVERSION = YES;
				CLANG_WARN_DIRECT_OBJC_ISA_USAGE = YES_ERROR;
				CLANG_WARN_DOCUMENTATION_COMMENTS = YES;
				CLANG_WARN_EMPTY_BODY = YES;
				CLANG_WARN_ENUM_CONVERSION = YES;
				CLANG_WARN_INFINITE_RECURSION = YES;
				CLANG_WARN_INT_CONVERSION = YES;
				CLANG_WARN_OBJC_ROOT_CLASS = YES_ERROR;
				CLANG_WARN_SUSPICIOUS_MOVES = YES;
				CLANG_WARN_UNREACHABLE_CODE = YES;
				CLANG_WARN__DUPLICATE_METHOD_MATCH = YES;
				"CODE_SIGN_IDENTITY[sdk=iphoneos*]" = "iPhone Developer";
				COPY_PHASE_STRIP = NO;
				DEBUG_INFORMATION_FORMAT = "dwarf-with-dsym";
				ENABLE_NS_ASSERTIONS = NO;
				ENABLE_STRICT_OBJC_MSGSEND = YES;
				GCC_C_LANGUAGE_STANDARD = gnu99;
				GCC_NO_COMMON_BLOCKS = YES;
				GCC_WARN_64_TO_32_BIT_CONVERSION = YES;
				GCC_WARN_ABOUT_RETURN_TYPE = YES_ERROR;
				GCC_WARN_UNDECLARED_SELECTOR = YES;
				GCC_WARN_UNINITIALIZED_AUTOS = YES_AGGRESSIVE;
				GCC_WARN_UNUSED_FUNCTION = YES;
				GCC_WARN_UNUSED_VARIABLE = YES;
				IPHONEOS_DEPLOYMENT_TARGET = 10.1;
				MTL_ENABLE_DEBUG_INFO = NO;
				SDKROOT = iphoneos;
				SWIFT_OPTIMIZATION_LEVEL = "-Owholemodule";
				TARGETED_DEVICE_FAMILY = "1,2";
				VALIDATE_PRODUCT = YES;
			};
			name = Release;
		};
		A7C1E1C91DDCD97300BD8A13 /* Debug */ = {
			isa = XCBuildConfiguration;
			buildSettings = {
				ASSETCATALOG_COMPILER_APPICON_NAME = AppIcon;
				DEVELOPMENT_TEAM = CJ24M7DKLZ;
				INFOPLIST_FILE = Chefty/Info.plist;
				IPHONEOS_DEPLOYMENT_TARGET = 10.0;
				LD_RUNPATH_SEARCH_PATHS = "$(inherited) @executable_path/Frameworks";
				PRODUCT_BUNDLE_IDENTIFIER = com.AppRising.SML.Chefty;
				PRODUCT_NAME = "$(TARGET_NAME)";
				SWIFT_VERSION = 3.0;
			};
			name = Debug;
		};
		A7C1E1CA1DDCD97300BD8A13 /* Release */ = {
			isa = XCBuildConfiguration;
			buildSettings = {
				ASSETCATALOG_COMPILER_APPICON_NAME = AppIcon;
				DEVELOPMENT_TEAM = CJ24M7DKLZ;
				INFOPLIST_FILE = Chefty/Info.plist;
				IPHONEOS_DEPLOYMENT_TARGET = 10.0;
				LD_RUNPATH_SEARCH_PATHS = "$(inherited) @executable_path/Frameworks";
				PRODUCT_BUNDLE_IDENTIFIER = com.AppRising.SML.Chefty;
				PRODUCT_NAME = "$(TARGET_NAME)";
				SWIFT_VERSION = 3.0;
			};
			name = Release;
		};
/* End XCBuildConfiguration section */

/* Begin XCConfigurationList section */
		A7C1E1AE1DDCD97300BD8A13 /* Build configuration list for PBXProject "Chefty" */ = {
			isa = XCConfigurationList;
			buildConfigurations = (
				A7C1E1C61DDCD97300BD8A13 /* Debug */,
				A7C1E1C71DDCD97300BD8A13 /* Release */,
			);
			defaultConfigurationIsVisible = 0;
			defaultConfigurationName = Release;
		};
		A7C1E1C81DDCD97300BD8A13 /* Build configuration list for PBXNativeTarget "Chefty" */ = {
			isa = XCConfigurationList;
			buildConfigurations = (
				A7C1E1C91DDCD97300BD8A13 /* Debug */,
				A7C1E1CA1DDCD97300BD8A13 /* Release */,
			);
			defaultConfigurationIsVisible = 0;
			defaultConfigurationName = Release;
		};
/* End XCConfigurationList section */

/* Begin XCVersionGroup section */
		A7C1E1BD1DDCD97300BD8A13 /* Chefty.xcdatamodeld */ = {
			isa = XCVersionGroup;
			children = (
				A7C1E1BE1DDCD97300BD8A13 /* Chefty.xcdatamodel */,
			);
			currentVersion = A7C1E1BE1DDCD97300BD8A13 /* Chefty.xcdatamodel */;
			path = Chefty.xcdatamodeld;
			sourceTree = "<group>";
			versionGroupType = wrapper.xcdatamodel;
		};
/* End XCVersionGroup section */
	};
	rootObject = A7C1E1AB1DDCD97300BD8A13 /* Project object */;
}
